// !$*UTF8*$!
{
	archiveVersion = 1;
	classes = {
	};
	objectVersion = 56;
	objects = {

/* Begin PBXBuildFile section */
		981568D22AB88E70007BD890 /* DoubleLinkedList.swift in Sources */ = {isa = PBXBuildFile; fileRef = 981568D12AB88E6F007BD890 /* DoubleLinkedList.swift */; };
		981568D42AB899A6007BD890 /* LRUCache.swift in Sources */ = {isa = PBXBuildFile; fileRef = 981568D32AB899A6007BD890 /* LRUCache.swift */; };
		981568D52AB899AC007BD890 /* LRUCache.swift in Sources */ = {isa = PBXBuildFile; fileRef = 981568D32AB899A6007BD890 /* LRUCache.swift */; };
		981568D62AB899B0007BD890 /* DoubleLinkedList.swift in Sources */ = {isa = PBXBuildFile; fileRef = 981568D12AB88E6F007BD890 /* DoubleLinkedList.swift */; };
		981568D82AB9AE1C007BD890 /* RandomizedSet.swift in Sources */ = {isa = PBXBuildFile; fileRef = 981568D72AB9AE1C007BD890 /* RandomizedSet.swift */; };
		981568D92AB9AE52007BD890 /* RandomizedSet.swift in Sources */ = {isa = PBXBuildFile; fileRef = 981568D72AB9AE1C007BD890 /* RandomizedSet.swift */; };
		981568DE2ABA0FCF007BD890 /* Yandex_Problems.swift in Sources */ = {isa = PBXBuildFile; fileRef = 981568DD2ABA0FCF007BD890 /* Yandex_Problems.swift */; };
		981568DF2ABA0FCF007BD890 /* Yandex_Problems.swift in Sources */ = {isa = PBXBuildFile; fileRef = 981568DD2ABA0FCF007BD890 /* Yandex_Problems.swift */; };
		981568E12ABAF7AE007BD890 /* Yandex_Problem_206.swift in Sources */ = {isa = PBXBuildFile; fileRef = 981568E02ABAF7AE007BD890 /* Yandex_Problem_206.swift */; };
		981568E22ABAF7AE007BD890 /* Yandex_Problem_206.swift in Sources */ = {isa = PBXBuildFile; fileRef = 981568E02ABAF7AE007BD890 /* Yandex_Problem_206.swift */; };
		981568E72ABB3D0C007BD890 /* Yandex_Problem_125.swift in Sources */ = {isa = PBXBuildFile; fileRef = 981568E62ABB3D0C007BD890 /* Yandex_Problem_125.swift */; };
		981568E82ABB3D0C007BD890 /* Yandex_Problem_125.swift in Sources */ = {isa = PBXBuildFile; fileRef = 981568E62ABB3D0C007BD890 /* Yandex_Problem_125.swift */; };
		981568EE2ABB66C5007BD890 /* Yandex_Problems_Tests.swift in Sources */ = {isa = PBXBuildFile; fileRef = 981568EC2ABB66C5007BD890 /* Yandex_Problems_Tests.swift */; };
		981568F92ABC5488007BD890 /* Yandex_Problem_5_11.swift in Sources */ = {isa = PBXBuildFile; fileRef = 981568F82ABC5488007BD890 /* Yandex_Problem_5_11.swift */; };
		981568FA2ABC5488007BD890 /* Yandex_Problem_5_11.swift in Sources */ = {isa = PBXBuildFile; fileRef = 981568F82ABC5488007BD890 /* Yandex_Problem_5_11.swift */; };
		981568FC2ABC5DC4007BD890 /* Yandex_Problem_6_12.swift in Sources */ = {isa = PBXBuildFile; fileRef = 981568FB2ABC5DC4007BD890 /* Yandex_Problem_6_12.swift */; };
		981568FD2ABC5DC4007BD890 /* Yandex_Problem_6_12.swift in Sources */ = {isa = PBXBuildFile; fileRef = 981568FB2ABC5DC4007BD890 /* Yandex_Problem_6_12.swift */; };
		981568FF2ABC7FB3007BD890 /* Yandex_Problem_7_13.swift in Sources */ = {isa = PBXBuildFile; fileRef = 981568FE2ABC7FB3007BD890 /* Yandex_Problem_7_13.swift */; };
		981569002ABC7FB3007BD890 /* Yandex_Problem_7_13.swift in Sources */ = {isa = PBXBuildFile; fileRef = 981568FE2ABC7FB3007BD890 /* Yandex_Problem_7_13.swift */; };
		981569022ABCACBD007BD890 /* Yandex_Problem_8_15.swift in Sources */ = {isa = PBXBuildFile; fileRef = 981569012ABCACBD007BD890 /* Yandex_Problem_8_15.swift */; };
		981569032ABCACBD007BD890 /* Yandex_Problem_8_15.swift in Sources */ = {isa = PBXBuildFile; fileRef = 981569012ABCACBD007BD890 /* Yandex_Problem_8_15.swift */; };
		981569052ABD8CA7007BD890 /* Yandex_Problem_9_16.swift in Sources */ = {isa = PBXBuildFile; fileRef = 981569042ABD8CA7007BD890 /* Yandex_Problem_9_16.swift */; };
		981569062ABD8CA7007BD890 /* Yandex_Problem_9_16.swift in Sources */ = {isa = PBXBuildFile; fileRef = 981569042ABD8CA7007BD890 /* Yandex_Problem_9_16.swift */; };
		981569082ABD9A48007BD890 /* Yandex_Problem_10_19.swift in Sources */ = {isa = PBXBuildFile; fileRef = 981569072ABD9A48007BD890 /* Yandex_Problem_10_19.swift */; };
		981569092ABD9A48007BD890 /* Yandex_Problem_10_19.swift in Sources */ = {isa = PBXBuildFile; fileRef = 981569072ABD9A48007BD890 /* Yandex_Problem_10_19.swift */; };
		9815690B2ABDAFBB007BD890 /* Yandex_Problem_11_20.swift in Sources */ = {isa = PBXBuildFile; fileRef = 9815690A2ABDAFBB007BD890 /* Yandex_Problem_11_20.swift */; };
		9815690C2ABDAFBB007BD890 /* Yandex_Problem_11_20.swift in Sources */ = {isa = PBXBuildFile; fileRef = 9815690A2ABDAFBB007BD890 /* Yandex_Problem_11_20.swift */; };
		9815690E2ABDBE7D007BD890 /* Yandex_Problem_12_21.swift in Sources */ = {isa = PBXBuildFile; fileRef = 9815690D2ABDBE7D007BD890 /* Yandex_Problem_12_21.swift */; };
		9815690F2ABDBE7D007BD890 /* Yandex_Problem_12_21.swift in Sources */ = {isa = PBXBuildFile; fileRef = 9815690D2ABDBE7D007BD890 /* Yandex_Problem_12_21.swift */; };
		981569112ABDD39E007BD890 /* Yandex_Problem_13_22.swift in Sources */ = {isa = PBXBuildFile; fileRef = 981569102ABDD39E007BD890 /* Yandex_Problem_13_22.swift */; };
		981569122ABDD39E007BD890 /* Yandex_Problem_13_22.swift in Sources */ = {isa = PBXBuildFile; fileRef = 981569102ABDD39E007BD890 /* Yandex_Problem_13_22.swift */; };
		981569142ABDD4DC007BD890 /* Yandex_Problem_14_26.swift in Sources */ = {isa = PBXBuildFile; fileRef = 981569132ABDD4DC007BD890 /* Yandex_Problem_14_26.swift */; };
		981569152ABDD4DC007BD890 /* Yandex_Problem_14_26.swift in Sources */ = {isa = PBXBuildFile; fileRef = 981569132ABDD4DC007BD890 /* Yandex_Problem_14_26.swift */; };
		981569172ABDFE65007BD890 /* Yandex_Problem_15_28.swift in Sources */ = {isa = PBXBuildFile; fileRef = 981569162ABDFE65007BD890 /* Yandex_Problem_15_28.swift */; };
		981569182ABDFE65007BD890 /* Yandex_Problem_15_28.swift in Sources */ = {isa = PBXBuildFile; fileRef = 981569162ABDFE65007BD890 /* Yandex_Problem_15_28.swift */; };
		9815691A2ABEB6FD007BD890 /* Yandex_Problem_16_33.swift in Sources */ = {isa = PBXBuildFile; fileRef = 981569192ABEB6FD007BD890 /* Yandex_Problem_16_33.swift */; };
		9815691B2ABEB6FD007BD890 /* Yandex_Problem_16_33.swift in Sources */ = {isa = PBXBuildFile; fileRef = 981569192ABEB6FD007BD890 /* Yandex_Problem_16_33.swift */; };
		9829A69F2AD540C4004E6377 /* Problem_5.swift in Sources */ = {isa = PBXBuildFile; fileRef = 9829A69E2AD540C4004E6377 /* Problem_5.swift */; };
		9829A6A02AD54145004E6377 /* Problem_5.swift in Sources */ = {isa = PBXBuildFile; fileRef = 9829A69E2AD540C4004E6377 /* Problem_5.swift */; };
		9829A6A22AD541D2004E6377 /* Problem_6.swift in Sources */ = {isa = PBXBuildFile; fileRef = 9829A6A12AD541D2004E6377 /* Problem_6.swift */; };
		9829A6A32AD54E00004E6377 /* Problem_6.swift in Sources */ = {isa = PBXBuildFile; fileRef = 9829A6A12AD541D2004E6377 /* Problem_6.swift */; };
		9829A6A52AD5667A004E6377 /* Problem_7.swift in Sources */ = {isa = PBXBuildFile; fileRef = 9829A6A42AD5667A004E6377 /* Problem_7.swift */; };
		9829A6A62AD5667A004E6377 /* Problem_7.swift in Sources */ = {isa = PBXBuildFile; fileRef = 9829A6A42AD5667A004E6377 /* Problem_7.swift */; };
		9836A0922AB199EF0025E1A8 /* LC_Yandex_Easy_Tests.swift in Sources */ = {isa = PBXBuildFile; fileRef = 9836A0912AB199EF0025E1A8 /* LC_Yandex_Easy_Tests.swift */; };
		9836A0942AB19A2E0025E1A8 /* LC_Yandex_Easy.swift in Sources */ = {isa = PBXBuildFile; fileRef = 9836A0932AB19A2E0025E1A8 /* LC_Yandex_Easy.swift */; };
		9836A0952AB19BEA0025E1A8 /* LC_Yandex_Easy.swift in Sources */ = {isa = PBXBuildFile; fileRef = 9836A0932AB19A2E0025E1A8 /* LC_Yandex_Easy.swift */; };
		986431602AC165EF00EC6B70 /* Yandex_Problem_19_48.swift in Sources */ = {isa = PBXBuildFile; fileRef = 9864315F2AC165EF00EC6B70 /* Yandex_Problem_19_48.swift */; };
		986431612AC165EF00EC6B70 /* Yandex_Problem_19_48.swift in Sources */ = {isa = PBXBuildFile; fileRef = 9864315F2AC165EF00EC6B70 /* Yandex_Problem_19_48.swift */; };
		986431632AC1760E00EC6B70 /* Yandex_Problem_20_49.swift in Sources */ = {isa = PBXBuildFile; fileRef = 986431622AC1760E00EC6B70 /* Yandex_Problem_20_49.swift */; };
		986431642AC1760E00EC6B70 /* Yandex_Problem_20_49.swift in Sources */ = {isa = PBXBuildFile; fileRef = 986431622AC1760E00EC6B70 /* Yandex_Problem_20_49.swift */; };
		986431662AC1784100EC6B70 /* Yandex_Problem_22_56.swift in Sources */ = {isa = PBXBuildFile; fileRef = 986431652AC1784100EC6B70 /* Yandex_Problem_22_56.swift */; };
		986431672AC1784100EC6B70 /* Yandex_Problem_22_56.swift in Sources */ = {isa = PBXBuildFile; fileRef = 986431652AC1784100EC6B70 /* Yandex_Problem_22_56.swift */; };
		986431692AC1893000EC6B70 /* Yandex_Problem_23_59.swift in Sources */ = {isa = PBXBuildFile; fileRef = 986431682AC1893000EC6B70 /* Yandex_Problem_23_59.swift */; };
		9864316A2AC1893000EC6B70 /* Yandex_Problem_23_59.swift in Sources */ = {isa = PBXBuildFile; fileRef = 986431682AC1893000EC6B70 /* Yandex_Problem_23_59.swift */; };
		9864316C2AC1AD7C00EC6B70 /* Yandex_Problem_24_71.swift in Sources */ = {isa = PBXBuildFile; fileRef = 9864316B2AC1AD7C00EC6B70 /* Yandex_Problem_24_71.swift */; };
		9864316D2AC1AD7C00EC6B70 /* Yandex_Problem_24_71.swift in Sources */ = {isa = PBXBuildFile; fileRef = 9864316B2AC1AD7C00EC6B70 /* Yandex_Problem_24_71.swift */; };
		9864316F2AC1D5AC00EC6B70 /* Yandex_Problem_21_53.swift in Sources */ = {isa = PBXBuildFile; fileRef = 9864316E2AC1D5AC00EC6B70 /* Yandex_Problem_21_53.swift */; };
		986431702AC1D5AC00EC6B70 /* Yandex_Problem_21_53.swift in Sources */ = {isa = PBXBuildFile; fileRef = 9864316E2AC1D5AC00EC6B70 /* Yandex_Problem_21_53.swift */; };
		986431722AC1F04900EC6B70 /* Yandex_Problem_25_74.swift in Sources */ = {isa = PBXBuildFile; fileRef = 986431712AC1F04900EC6B70 /* Yandex_Problem_25_74.swift */; };
		986431732AC1F04900EC6B70 /* Yandex_Problem_25_74.swift in Sources */ = {isa = PBXBuildFile; fileRef = 986431712AC1F04900EC6B70 /* Yandex_Problem_25_74.swift */; };
		986431752AC2C34C00EC6B70 /* Yandex_Problem_26_88.swift in Sources */ = {isa = PBXBuildFile; fileRef = 986431742AC2C34C00EC6B70 /* Yandex_Problem_26_88.swift */; };
		986431762AC2C34C00EC6B70 /* Yandex_Problem_26_88.swift in Sources */ = {isa = PBXBuildFile; fileRef = 986431742AC2C34C00EC6B70 /* Yandex_Problem_26_88.swift */; };
		986431782AC2EDBF00EC6B70 /* Yandex_Problem_27_98.swift in Sources */ = {isa = PBXBuildFile; fileRef = 986431772AC2EDBF00EC6B70 /* Yandex_Problem_27_98.swift */; };
		986431792AC2EDBF00EC6B70 /* Yandex_Problem_27_98.swift in Sources */ = {isa = PBXBuildFile; fileRef = 986431772AC2EDBF00EC6B70 /* Yandex_Problem_27_98.swift */; };
		9864317D2AC3203200EC6B70 /* Yandex_Problem_28_100.swift in Sources */ = {isa = PBXBuildFile; fileRef = 9864317C2AC3203200EC6B70 /* Yandex_Problem_28_100.swift */; };
		9864317E2AC3203200EC6B70 /* Yandex_Problem_28_100.swift in Sources */ = {isa = PBXBuildFile; fileRef = 9864317C2AC3203200EC6B70 /* Yandex_Problem_28_100.swift */; };
		986431802AC3257700EC6B70 /* Yandex_Problem_29_101.swift in Sources */ = {isa = PBXBuildFile; fileRef = 9864317F2AC3257700EC6B70 /* Yandex_Problem_29_101.swift */; };
		986431812AC3257700EC6B70 /* Yandex_Problem_29_101.swift in Sources */ = {isa = PBXBuildFile; fileRef = 9864317F2AC3257700EC6B70 /* Yandex_Problem_29_101.swift */; };
		986431832AC34E6400EC6B70 /* Yandex_Problem_30_102.swift in Sources */ = {isa = PBXBuildFile; fileRef = 986431822AC34E6400EC6B70 /* Yandex_Problem_30_102.swift */; };
		986431842AC34E6400EC6B70 /* Yandex_Problem_30_102.swift in Sources */ = {isa = PBXBuildFile; fileRef = 986431822AC34E6400EC6B70 /* Yandex_Problem_30_102.swift */; };
		986431862AC4006500EC6B70 /* Yandex_Problem_63_356.swift in Sources */ = {isa = PBXBuildFile; fileRef = 986431852AC4006500EC6B70 /* Yandex_Problem_63_356.swift */; };
		986431872AC4006500EC6B70 /* Yandex_Problem_63_356.swift in Sources */ = {isa = PBXBuildFile; fileRef = 986431852AC4006500EC6B70 /* Yandex_Problem_63_356.swift */; };
		986431892AC4120F00EC6B70 /* Yandex_Problem_97_1493.swift in Sources */ = {isa = PBXBuildFile; fileRef = 986431882AC4120F00EC6B70 /* Yandex_Problem_97_1493.swift */; };
		9864318A2AC4120F00EC6B70 /* Yandex_Problem_97_1493.swift in Sources */ = {isa = PBXBuildFile; fileRef = 986431882AC4120F00EC6B70 /* Yandex_Problem_97_1493.swift */; };
		9864318F2AC41CE100EC6B70 /* ATM.swift in Sources */ = {isa = PBXBuildFile; fileRef = 9864318E2AC41CE100EC6B70 /* ATM.swift */; };
		986431902AC41CE100EC6B70 /* ATM.swift in Sources */ = {isa = PBXBuildFile; fileRef = 9864318E2AC41CE100EC6B70 /* ATM.swift */; };
		986431922AC42A5900EC6B70 /* Yandex_Problem_42_161.swift in Sources */ = {isa = PBXBuildFile; fileRef = 986431912AC42A5900EC6B70 /* Yandex_Problem_42_161.swift */; };
		986431932AC42A5900EC6B70 /* Yandex_Problem_42_161.swift in Sources */ = {isa = PBXBuildFile; fileRef = 986431912AC42A5900EC6B70 /* Yandex_Problem_42_161.swift */; };
		986431952AC42B8B00EC6B70 /* Yandex_Problem_87_849.swift in Sources */ = {isa = PBXBuildFile; fileRef = 986431942AC42B8B00EC6B70 /* Yandex_Problem_87_849.swift */; };
		986431962AC42B8B00EC6B70 /* Yandex_Problem_87_849.swift in Sources */ = {isa = PBXBuildFile; fileRef = 986431942AC42B8B00EC6B70 /* Yandex_Problem_87_849.swift */; };
		986431982AC42C8800EC6B70 /* Yandex_Problem_47_228.swift in Sources */ = {isa = PBXBuildFile; fileRef = 986431972AC42C8800EC6B70 /* Yandex_Problem_47_228.swift */; };
		986431992AC42C8800EC6B70 /* Yandex_Problem_47_228.swift in Sources */ = {isa = PBXBuildFile; fileRef = 986431972AC42C8800EC6B70 /* Yandex_Problem_47_228.swift */; };
		9864319B2AC42FE500EC6B70 /* HitCounter.swift in Sources */ = {isa = PBXBuildFile; fileRef = 9864319A2AC42FE500EC6B70 /* HitCounter.swift */; };
		9864319C2AC42FE500EC6B70 /* HitCounter.swift in Sources */ = {isa = PBXBuildFile; fileRef = 9864319A2AC42FE500EC6B70 /* HitCounter.swift */; };
		9864319E2AC43BAA00EC6B70 /* Yandex_Problem_91_977.swift in Sources */ = {isa = PBXBuildFile; fileRef = 9864319D2AC43BAA00EC6B70 /* Yandex_Problem_91_977.swift */; };
		9864319F2AC43BAA00EC6B70 /* Yandex_Problem_91_977.swift in Sources */ = {isa = PBXBuildFile; fileRef = 9864319D2AC43BAA00EC6B70 /* Yandex_Problem_91_977.swift */; };
		986431A12AC4416300EC6B70 /* Yandex_Problem_41_340.swift in Sources */ = {isa = PBXBuildFile; fileRef = 986431A02AC4416300EC6B70 /* Yandex_Problem_41_340.swift */; };
		986431A22AC4416300EC6B70 /* Yandex_Problem_41_340.swift in Sources */ = {isa = PBXBuildFile; fileRef = 986431A02AC4416300EC6B70 /* Yandex_Problem_41_340.swift */; };
		986431A42AC4425D00EC6B70 /* Yandex_Problem_94_2215.swift in Sources */ = {isa = PBXBuildFile; fileRef = 986431A32AC4425D00EC6B70 /* Yandex_Problem_94_2215.swift */; };
		986431A52AC4425D00EC6B70 /* Yandex_Problem_94_2215.swift in Sources */ = {isa = PBXBuildFile; fileRef = 986431A32AC4425D00EC6B70 /* Yandex_Problem_94_2215.swift */; };
		986431A72AC44ADB00EC6B70 /* Yandex_Problem_61_347.swift in Sources */ = {isa = PBXBuildFile; fileRef = 986431A62AC44ADB00EC6B70 /* Yandex_Problem_61_347.swift */; };
		986431A82AC44ADB00EC6B70 /* Yandex_Problem_61_347.swift in Sources */ = {isa = PBXBuildFile; fileRef = 986431A62AC44ADB00EC6B70 /* Yandex_Problem_61_347.swift */; };
		986431AA2AC4699100EC6B70 /* Yandex_Problem_83_692.swift in Sources */ = {isa = PBXBuildFile; fileRef = 986431A92AC4699100EC6B70 /* Yandex_Problem_83_692.swift */; };
		986431AB2AC4699100EC6B70 /* Yandex_Problem_83_692.swift in Sources */ = {isa = PBXBuildFile; fileRef = 986431A92AC4699100EC6B70 /* Yandex_Problem_83_692.swift */; };
		988074A12AA5E6F0001670E7 /* LC75_Array.swift in Sources */ = {isa = PBXBuildFile; fileRef = 988074A02AA5E6F0001670E7 /* LC75_Array.swift */; };
		988074A32AA5E71E001670E7 /* LC75_Array_Tests.swift in Sources */ = {isa = PBXBuildFile; fileRef = 988074A22AA5E71E001670E7 /* LC75_Array_Tests.swift */; };
		988074A42AA5E727001670E7 /* LC75_Array.swift in Sources */ = {isa = PBXBuildFile; fileRef = 988074A02AA5E6F0001670E7 /* LC75_Array.swift */; };
		988074A62AA71D95001670E7 /* LC75_TwoPointers_Tests.swift in Sources */ = {isa = PBXBuildFile; fileRef = 988074A52AA71D95001670E7 /* LC75_TwoPointers_Tests.swift */; };
		988074A82AA71DC1001670E7 /* LC75_TwoPointers.swift in Sources */ = {isa = PBXBuildFile; fileRef = 988074A72AA71DC1001670E7 /* LC75_TwoPointers.swift */; };
		988074A92AA71DC1001670E7 /* LC75_TwoPointers.swift in Sources */ = {isa = PBXBuildFile; fileRef = 988074A72AA71DC1001670E7 /* LC75_TwoPointers.swift */; };
		988074AB2AA88AA1001670E7 /* LC75_SlidingWindow.swift in Sources */ = {isa = PBXBuildFile; fileRef = 988074AA2AA88AA1001670E7 /* LC75_SlidingWindow.swift */; };
		988074AD2AA88B18001670E7 /* LC75_SlidingWindow_Tests.swift in Sources */ = {isa = PBXBuildFile; fileRef = 988074AC2AA88B18001670E7 /* LC75_SlidingWindow_Tests.swift */; };
		988074AE2AA88B1D001670E7 /* LC75_SlidingWindow.swift in Sources */ = {isa = PBXBuildFile; fileRef = 988074AA2AA88AA1001670E7 /* LC75_SlidingWindow.swift */; };
		988074B02AA8E9AA001670E7 /* LC75_PrefixSum_Tests.swift in Sources */ = {isa = PBXBuildFile; fileRef = 988074AF2AA8E9AA001670E7 /* LC75_PrefixSum_Tests.swift */; };
		988074B22AA8E9CA001670E7 /* LC75_PrefixSum.swift in Sources */ = {isa = PBXBuildFile; fileRef = 988074B12AA8E9CA001670E7 /* LC75_PrefixSum.swift */; };
		988074B32AA8E9CE001670E7 /* LC75_PrefixSum.swift in Sources */ = {isa = PBXBuildFile; fileRef = 988074B12AA8E9CA001670E7 /* LC75_PrefixSum.swift */; };
		988074B52AA8F1C1001670E7 /* LC75_HashMap&Set_Tests.swift in Sources */ = {isa = PBXBuildFile; fileRef = 988074B42AA8F1C1001670E7 /* LC75_HashMap&Set_Tests.swift */; };
		988074B72AA8F1D4001670E7 /* LC75_HashMap&Set.swift in Sources */ = {isa = PBXBuildFile; fileRef = 988074B62AA8F1D4001670E7 /* LC75_HashMap&Set.swift */; };
		988074B82AA8F296001670E7 /* LC75_HashMap&Set.swift in Sources */ = {isa = PBXBuildFile; fileRef = 988074B62AA8F1D4001670E7 /* LC75_HashMap&Set.swift */; };
		98B780442AD6CD7E0018E8F2 /* Problem_8.swift in Sources */ = {isa = PBXBuildFile; fileRef = 98B780432AD6CD7E0018E8F2 /* Problem_8.swift */; };
		98B780452AD6CD7E0018E8F2 /* Problem_8.swift in Sources */ = {isa = PBXBuildFile; fileRef = 98B780432AD6CD7E0018E8F2 /* Problem_8.swift */; };
		98B780472AD6F7510018E8F2 /* Problem_9.swift in Sources */ = {isa = PBXBuildFile; fileRef = 98B780462AD6F7510018E8F2 /* Problem_9.swift */; };
		98B780482AD6F7510018E8F2 /* Problem_9.swift in Sources */ = {isa = PBXBuildFile; fileRef = 98B780462AD6F7510018E8F2 /* Problem_9.swift */; };
		98BFC9712AA9B95700D42CFC /* LC75_Stack.swift in Sources */ = {isa = PBXBuildFile; fileRef = 98BFC9702AA9B95700D42CFC /* LC75_Stack.swift */; };
		98BFC9732AA9B96D00D42CFC /* LC75_Stack_Tests.swift in Sources */ = {isa = PBXBuildFile; fileRef = 98BFC9722AA9B96D00D42CFC /* LC75_Stack_Tests.swift */; };
		98BFC9742AA9B97300D42CFC /* LC75_Stack.swift in Sources */ = {isa = PBXBuildFile; fileRef = 98BFC9702AA9B95700D42CFC /* LC75_Stack.swift */; };
		98BFC9762AAB1D4800D42CFC /* LC75_Queue_Tests.swift in Sources */ = {isa = PBXBuildFile; fileRef = 98BFC9752AAB1D4800D42CFC /* LC75_Queue_Tests.swift */; };
		98BFC9782AAB1D7900D42CFC /* LC75_Queue.swift in Sources */ = {isa = PBXBuildFile; fileRef = 98BFC9772AAB1D7900D42CFC /* LC75_Queue.swift */; };
		98BFC9792AAB1D7900D42CFC /* LC75_Queue.swift in Sources */ = {isa = PBXBuildFile; fileRef = 98BFC9772AAB1D7900D42CFC /* LC75_Queue.swift */; };
		98BFC97B2AAB5BA000D42CFC /* LC75_LinkedList.swift in Sources */ = {isa = PBXBuildFile; fileRef = 98BFC97A2AAB5BA000D42CFC /* LC75_LinkedList.swift */; };
		98BFC97C2AAB5BA000D42CFC /* LC75_LinkedList.swift in Sources */ = {isa = PBXBuildFile; fileRef = 98BFC97A2AAB5BA000D42CFC /* LC75_LinkedList.swift */; };
		98BFC97E2AAB5BB300D42CFC /* LC75_LinkedList_Tests.swift in Sources */ = {isa = PBXBuildFile; fileRef = 98BFC97D2AAB5BB300D42CFC /* LC75_LinkedList_Tests.swift */; };
		98BFC9802AAB5D9E00D42CFC /* ListNode.swift in Sources */ = {isa = PBXBuildFile; fileRef = 98BFC97F2AAB5D9E00D42CFC /* ListNode.swift */; };
		98BFC9812AAB5D9E00D42CFC /* ListNode.swift in Sources */ = {isa = PBXBuildFile; fileRef = 98BFC97F2AAB5D9E00D42CFC /* ListNode.swift */; };
		98C97B2B2ACE9AAA0023DBCA /* Problem_1.swift in Sources */ = {isa = PBXBuildFile; fileRef = 98C97B2A2ACE9AAA0023DBCA /* Problem_1.swift */; };
		98C97B2C2ACE9AAA0023DBCA /* Problem_1.swift in Sources */ = {isa = PBXBuildFile; fileRef = 98C97B2A2ACE9AAA0023DBCA /* Problem_1.swift */; };
		98C97B2E2ACE9ADB0023DBCA /* LeetCodeProblems.swift in Sources */ = {isa = PBXBuildFile; fileRef = 98C97B2D2ACE9ADB0023DBCA /* LeetCodeProblems.swift */; };
		98C97B2F2ACE9ADB0023DBCA /* LeetCodeProblems.swift in Sources */ = {isa = PBXBuildFile; fileRef = 98C97B2D2ACE9ADB0023DBCA /* LeetCodeProblems.swift */; };
		98C97B312ACE9B760023DBCA /* LeetCodeProblemsTests_20.swift in Sources */ = {isa = PBXBuildFile; fileRef = 98C97B302ACE9B760023DBCA /* LeetCodeProblemsTests_20.swift */; };
		98C97B332ACE9C360023DBCA /* Problem_2.swift in Sources */ = {isa = PBXBuildFile; fileRef = 98C97B322ACE9C360023DBCA /* Problem_2.swift */; };
		98C97B342ACE9C360023DBCA /* Problem_2.swift in Sources */ = {isa = PBXBuildFile; fileRef = 98C97B322ACE9C360023DBCA /* Problem_2.swift */; };
		98C97B362ACE9C6B0023DBCA /* Problem_3.swift in Sources */ = {isa = PBXBuildFile; fileRef = 98C97B352ACE9C6B0023DBCA /* Problem_3.swift */; };
		98C97B372ACE9C6B0023DBCA /* Problem_3.swift in Sources */ = {isa = PBXBuildFile; fileRef = 98C97B352ACE9C6B0023DBCA /* Problem_3.swift */; };
		98C97B392AD2B2F80023DBCA /* Problem_4.swift in Sources */ = {isa = PBXBuildFile; fileRef = 98C97B382AD2B2F80023DBCA /* Problem_4.swift */; };
		98C97B3A2AD2B2FD0023DBCA /* Problem_4.swift in Sources */ = {isa = PBXBuildFile; fileRef = 98C97B382AD2B2F80023DBCA /* Problem_4.swift */; };
		98D848662AC05EFE004A7FF1 /* Yandex_Problem_17_34.swift in Sources */ = {isa = PBXBuildFile; fileRef = 98D848652AC05EFE004A7FF1 /* Yandex_Problem_17_34.swift */; };
		98D848672AC05EFE004A7FF1 /* Yandex_Problem_17_34.swift in Sources */ = {isa = PBXBuildFile; fileRef = 98D848652AC05EFE004A7FF1 /* Yandex_Problem_17_34.swift */; };
		98D848692AC07F82004A7FF1 /* Yandex_Problem_18_43.swift in Sources */ = {isa = PBXBuildFile; fileRef = 98D848682AC07F82004A7FF1 /* Yandex_Problem_18_43.swift */; };
		98D8486A2AC07F82004A7FF1 /* Yandex_Problem_18_43.swift in Sources */ = {isa = PBXBuildFile; fileRef = 98D848682AC07F82004A7FF1 /* Yandex_Problem_18_43.swift */; };
		98D8DF832AAE03BB00AEBD4B /* TreeNode.swift in Sources */ = {isa = PBXBuildFile; fileRef = 98D8DF822AAE03BB00AEBD4B /* TreeNode.swift */; };
		98D8DF842AAE03BB00AEBD4B /* TreeNode.swift in Sources */ = {isa = PBXBuildFile; fileRef = 98D8DF822AAE03BB00AEBD4B /* TreeNode.swift */; };
		98D8DF862AAE073500AEBD4B /* LC75_BinaryTree_DFS.swift in Sources */ = {isa = PBXBuildFile; fileRef = 98D8DF852AAE073500AEBD4B /* LC75_BinaryTree_DFS.swift */; };
		98D8DF872AAE073500AEBD4B /* LC75_BinaryTree_DFS.swift in Sources */ = {isa = PBXBuildFile; fileRef = 98D8DF852AAE073500AEBD4B /* LC75_BinaryTree_DFS.swift */; };
		98D8DF892AAE076100AEBD4B /* LC75_BinaryTree_DFS_Tests.swift in Sources */ = {isa = PBXBuildFile; fileRef = 98D8DF882AAE076100AEBD4B /* LC75_BinaryTree_DFS_Tests.swift */; };
		98D8DF8F2AB03B8D00AEBD4B /* LC_Yandex_Medium.swift in Sources */ = {isa = PBXBuildFile; fileRef = 98D8DF8E2AB03B8D00AEBD4B /* LC_Yandex_Medium.swift */; };
		98D8DF902AB03BA000AEBD4B /* LC_Yandex_Medium.swift in Sources */ = {isa = PBXBuildFile; fileRef = 98D8DF8E2AB03B8D00AEBD4B /* LC_Yandex_Medium.swift */; };
		98D8DF922AB03D1200AEBD4B /* LC_Yandex_Medium_Tests.swift in Sources */ = {isa = PBXBuildFile; fileRef = 98D8DF912AB03D1200AEBD4B /* LC_Yandex_Medium_Tests.swift */; };
		98E366672A9E62C7009D9057 /* main.swift in Sources */ = {isa = PBXBuildFile; fileRef = 98E366662A9E62C7009D9057 /* main.swift */; };
/* End PBXBuildFile section */

/* Begin PBXCopyFilesBuildPhase section */
		98E366612A9E62C7009D9057 /* CopyFiles */ = {
			isa = PBXCopyFilesBuildPhase;
			buildActionMask = 2147483647;
			dstPath = /usr/share/man/man1/;
			dstSubfolderSpec = 0;
			files = (
			);
			runOnlyForDeploymentPostprocessing = 1;
		};
/* End PBXCopyFilesBuildPhase section */

/* Begin PBXFileReference section */
		981568D12AB88E6F007BD890 /* DoubleLinkedList.swift */ = {isa = PBXFileReference; lastKnownFileType = sourcecode.swift; path = DoubleLinkedList.swift; sourceTree = "<group>"; };
		981568D32AB899A6007BD890 /* LRUCache.swift */ = {isa = PBXFileReference; lastKnownFileType = sourcecode.swift; path = LRUCache.swift; sourceTree = "<group>"; };
		981568D72AB9AE1C007BD890 /* RandomizedSet.swift */ = {isa = PBXFileReference; lastKnownFileType = sourcecode.swift; path = RandomizedSet.swift; sourceTree = "<group>"; };
		981568DD2ABA0FCF007BD890 /* Yandex_Problems.swift */ = {isa = PBXFileReference; lastKnownFileType = sourcecode.swift; path = Yandex_Problems.swift; sourceTree = "<group>"; };
		981568E02ABAF7AE007BD890 /* Yandex_Problem_206.swift */ = {isa = PBXFileReference; lastKnownFileType = sourcecode.swift; path = Yandex_Problem_206.swift; sourceTree = "<group>"; };
		981568E62ABB3D0C007BD890 /* Yandex_Problem_125.swift */ = {isa = PBXFileReference; lastKnownFileType = sourcecode.swift; path = Yandex_Problem_125.swift; sourceTree = "<group>"; };
		981568EC2ABB66C5007BD890 /* Yandex_Problems_Tests.swift */ = {isa = PBXFileReference; lastKnownFileType = sourcecode.swift; path = Yandex_Problems_Tests.swift; sourceTree = "<group>"; };
		981568F82ABC5488007BD890 /* Yandex_Problem_5_11.swift */ = {isa = PBXFileReference; lastKnownFileType = sourcecode.swift; path = Yandex_Problem_5_11.swift; sourceTree = "<group>"; };
		981568FB2ABC5DC4007BD890 /* Yandex_Problem_6_12.swift */ = {isa = PBXFileReference; lastKnownFileType = sourcecode.swift; path = Yandex_Problem_6_12.swift; sourceTree = "<group>"; };
		981568FE2ABC7FB3007BD890 /* Yandex_Problem_7_13.swift */ = {isa = PBXFileReference; lastKnownFileType = sourcecode.swift; path = Yandex_Problem_7_13.swift; sourceTree = "<group>"; };
		981569012ABCACBD007BD890 /* Yandex_Problem_8_15.swift */ = {isa = PBXFileReference; lastKnownFileType = sourcecode.swift; path = Yandex_Problem_8_15.swift; sourceTree = "<group>"; };
		981569042ABD8CA7007BD890 /* Yandex_Problem_9_16.swift */ = {isa = PBXFileReference; lastKnownFileType = sourcecode.swift; path = Yandex_Problem_9_16.swift; sourceTree = "<group>"; };
		981569072ABD9A48007BD890 /* Yandex_Problem_10_19.swift */ = {isa = PBXFileReference; lastKnownFileType = sourcecode.swift; path = Yandex_Problem_10_19.swift; sourceTree = "<group>"; };
		9815690A2ABDAFBB007BD890 /* Yandex_Problem_11_20.swift */ = {isa = PBXFileReference; lastKnownFileType = sourcecode.swift; path = Yandex_Problem_11_20.swift; sourceTree = "<group>"; };
		9815690D2ABDBE7D007BD890 /* Yandex_Problem_12_21.swift */ = {isa = PBXFileReference; lastKnownFileType = sourcecode.swift; path = Yandex_Problem_12_21.swift; sourceTree = "<group>"; };
		981569102ABDD39E007BD890 /* Yandex_Problem_13_22.swift */ = {isa = PBXFileReference; lastKnownFileType = sourcecode.swift; path = Yandex_Problem_13_22.swift; sourceTree = "<group>"; };
		981569132ABDD4DC007BD890 /* Yandex_Problem_14_26.swift */ = {isa = PBXFileReference; lastKnownFileType = sourcecode.swift; path = Yandex_Problem_14_26.swift; sourceTree = "<group>"; };
		981569162ABDFE65007BD890 /* Yandex_Problem_15_28.swift */ = {isa = PBXFileReference; lastKnownFileType = sourcecode.swift; path = Yandex_Problem_15_28.swift; sourceTree = "<group>"; };
		981569192ABEB6FD007BD890 /* Yandex_Problem_16_33.swift */ = {isa = PBXFileReference; lastKnownFileType = sourcecode.swift; path = Yandex_Problem_16_33.swift; sourceTree = "<group>"; };
		9829A69E2AD540C4004E6377 /* Problem_5.swift */ = {isa = PBXFileReference; lastKnownFileType = sourcecode.swift; path = Problem_5.swift; sourceTree = "<group>"; };
		9829A6A12AD541D2004E6377 /* Problem_6.swift */ = {isa = PBXFileReference; lastKnownFileType = sourcecode.swift; path = Problem_6.swift; sourceTree = "<group>"; };
		9829A6A42AD5667A004E6377 /* Problem_7.swift */ = {isa = PBXFileReference; lastKnownFileType = sourcecode.swift; path = Problem_7.swift; sourceTree = "<group>"; };
		9836A0912AB199EF0025E1A8 /* LC_Yandex_Easy_Tests.swift */ = {isa = PBXFileReference; lastKnownFileType = sourcecode.swift; path = LC_Yandex_Easy_Tests.swift; sourceTree = "<group>"; };
		9836A0932AB19A2E0025E1A8 /* LC_Yandex_Easy.swift */ = {isa = PBXFileReference; lastKnownFileType = sourcecode.swift; path = LC_Yandex_Easy.swift; sourceTree = "<group>"; };
		9864315F2AC165EF00EC6B70 /* Yandex_Problem_19_48.swift */ = {isa = PBXFileReference; lastKnownFileType = sourcecode.swift; path = Yandex_Problem_19_48.swift; sourceTree = "<group>"; };
		986431622AC1760E00EC6B70 /* Yandex_Problem_20_49.swift */ = {isa = PBXFileReference; lastKnownFileType = sourcecode.swift; path = Yandex_Problem_20_49.swift; sourceTree = "<group>"; };
		986431652AC1784100EC6B70 /* Yandex_Problem_22_56.swift */ = {isa = PBXFileReference; lastKnownFileType = sourcecode.swift; path = Yandex_Problem_22_56.swift; sourceTree = "<group>"; };
		986431682AC1893000EC6B70 /* Yandex_Problem_23_59.swift */ = {isa = PBXFileReference; lastKnownFileType = sourcecode.swift; path = Yandex_Problem_23_59.swift; sourceTree = "<group>"; };
		9864316B2AC1AD7C00EC6B70 /* Yandex_Problem_24_71.swift */ = {isa = PBXFileReference; lastKnownFileType = sourcecode.swift; path = Yandex_Problem_24_71.swift; sourceTree = "<group>"; };
		9864316E2AC1D5AC00EC6B70 /* Yandex_Problem_21_53.swift */ = {isa = PBXFileReference; lastKnownFileType = sourcecode.swift; path = Yandex_Problem_21_53.swift; sourceTree = "<group>"; };
		986431712AC1F04900EC6B70 /* Yandex_Problem_25_74.swift */ = {isa = PBXFileReference; lastKnownFileType = sourcecode.swift; path = Yandex_Problem_25_74.swift; sourceTree = "<group>"; };
		986431742AC2C34C00EC6B70 /* Yandex_Problem_26_88.swift */ = {isa = PBXFileReference; lastKnownFileType = sourcecode.swift; path = Yandex_Problem_26_88.swift; sourceTree = "<group>"; };
		986431772AC2EDBF00EC6B70 /* Yandex_Problem_27_98.swift */ = {isa = PBXFileReference; lastKnownFileType = sourcecode.swift; path = Yandex_Problem_27_98.swift; sourceTree = "<group>"; };
		9864317C2AC3203200EC6B70 /* Yandex_Problem_28_100.swift */ = {isa = PBXFileReference; lastKnownFileType = sourcecode.swift; path = Yandex_Problem_28_100.swift; sourceTree = "<group>"; };
		9864317F2AC3257700EC6B70 /* Yandex_Problem_29_101.swift */ = {isa = PBXFileReference; lastKnownFileType = sourcecode.swift; path = Yandex_Problem_29_101.swift; sourceTree = "<group>"; };
		986431822AC34E6400EC6B70 /* Yandex_Problem_30_102.swift */ = {isa = PBXFileReference; lastKnownFileType = sourcecode.swift; path = Yandex_Problem_30_102.swift; sourceTree = "<group>"; };
		986431852AC4006500EC6B70 /* Yandex_Problem_63_356.swift */ = {isa = PBXFileReference; lastKnownFileType = sourcecode.swift; path = Yandex_Problem_63_356.swift; sourceTree = "<group>"; };
		986431882AC4120F00EC6B70 /* Yandex_Problem_97_1493.swift */ = {isa = PBXFileReference; lastKnownFileType = sourcecode.swift; path = Yandex_Problem_97_1493.swift; sourceTree = "<group>"; };
		9864318E2AC41CE100EC6B70 /* ATM.swift */ = {isa = PBXFileReference; lastKnownFileType = sourcecode.swift; path = ATM.swift; sourceTree = "<group>"; };
		986431912AC42A5900EC6B70 /* Yandex_Problem_42_161.swift */ = {isa = PBXFileReference; lastKnownFileType = sourcecode.swift; path = Yandex_Problem_42_161.swift; sourceTree = "<group>"; };
		986431942AC42B8B00EC6B70 /* Yandex_Problem_87_849.swift */ = {isa = PBXFileReference; lastKnownFileType = sourcecode.swift; path = Yandex_Problem_87_849.swift; sourceTree = "<group>"; };
		986431972AC42C8800EC6B70 /* Yandex_Problem_47_228.swift */ = {isa = PBXFileReference; lastKnownFileType = sourcecode.swift; path = Yandex_Problem_47_228.swift; sourceTree = "<group>"; };
		9864319A2AC42FE500EC6B70 /* HitCounter.swift */ = {isa = PBXFileReference; lastKnownFileType = sourcecode.swift; path = HitCounter.swift; sourceTree = "<group>"; };
		9864319D2AC43BAA00EC6B70 /* Yandex_Problem_91_977.swift */ = {isa = PBXFileReference; lastKnownFileType = sourcecode.swift; path = Yandex_Problem_91_977.swift; sourceTree = "<group>"; };
		986431A02AC4416300EC6B70 /* Yandex_Problem_41_340.swift */ = {isa = PBXFileReference; lastKnownFileType = sourcecode.swift; path = Yandex_Problem_41_340.swift; sourceTree = "<group>"; };
		986431A32AC4425D00EC6B70 /* Yandex_Problem_94_2215.swift */ = {isa = PBXFileReference; lastKnownFileType = sourcecode.swift; path = Yandex_Problem_94_2215.swift; sourceTree = "<group>"; };
		986431A62AC44ADB00EC6B70 /* Yandex_Problem_61_347.swift */ = {isa = PBXFileReference; lastKnownFileType = sourcecode.swift; path = Yandex_Problem_61_347.swift; sourceTree = "<group>"; };
		986431A92AC4699100EC6B70 /* Yandex_Problem_83_692.swift */ = {isa = PBXFileReference; lastKnownFileType = sourcecode.swift; path = Yandex_Problem_83_692.swift; sourceTree = "<group>"; };
		988074A02AA5E6F0001670E7 /* LC75_Array.swift */ = {isa = PBXFileReference; lastKnownFileType = sourcecode.swift; path = LC75_Array.swift; sourceTree = "<group>"; };
		988074A22AA5E71E001670E7 /* LC75_Array_Tests.swift */ = {isa = PBXFileReference; lastKnownFileType = sourcecode.swift; path = LC75_Array_Tests.swift; sourceTree = "<group>"; };
		988074A52AA71D95001670E7 /* LC75_TwoPointers_Tests.swift */ = {isa = PBXFileReference; lastKnownFileType = sourcecode.swift; path = LC75_TwoPointers_Tests.swift; sourceTree = "<group>"; };
		988074A72AA71DC1001670E7 /* LC75_TwoPointers.swift */ = {isa = PBXFileReference; lastKnownFileType = sourcecode.swift; path = LC75_TwoPointers.swift; sourceTree = "<group>"; };
		988074AA2AA88AA1001670E7 /* LC75_SlidingWindow.swift */ = {isa = PBXFileReference; lastKnownFileType = sourcecode.swift; path = LC75_SlidingWindow.swift; sourceTree = "<group>"; };
		988074AC2AA88B18001670E7 /* LC75_SlidingWindow_Tests.swift */ = {isa = PBXFileReference; lastKnownFileType = sourcecode.swift; path = LC75_SlidingWindow_Tests.swift; sourceTree = "<group>"; };
		988074AF2AA8E9AA001670E7 /* LC75_PrefixSum_Tests.swift */ = {isa = PBXFileReference; lastKnownFileType = sourcecode.swift; path = LC75_PrefixSum_Tests.swift; sourceTree = "<group>"; };
		988074B12AA8E9CA001670E7 /* LC75_PrefixSum.swift */ = {isa = PBXFileReference; lastKnownFileType = sourcecode.swift; path = LC75_PrefixSum.swift; sourceTree = "<group>"; };
		988074B42AA8F1C1001670E7 /* LC75_HashMap&Set_Tests.swift */ = {isa = PBXFileReference; lastKnownFileType = sourcecode.swift; path = "LC75_HashMap&Set_Tests.swift"; sourceTree = "<group>"; };
		988074B62AA8F1D4001670E7 /* LC75_HashMap&Set.swift */ = {isa = PBXFileReference; lastKnownFileType = sourcecode.swift; path = "LC75_HashMap&Set.swift"; sourceTree = "<group>"; };
		98B780432AD6CD7E0018E8F2 /* Problem_8.swift */ = {isa = PBXFileReference; lastKnownFileType = sourcecode.swift; path = Problem_8.swift; sourceTree = "<group>"; };
		98B780462AD6F7510018E8F2 /* Problem_9.swift */ = {isa = PBXFileReference; lastKnownFileType = sourcecode.swift; path = Problem_9.swift; sourceTree = "<group>"; };
		98BFC9702AA9B95700D42CFC /* LC75_Stack.swift */ = {isa = PBXFileReference; lastKnownFileType = sourcecode.swift; path = LC75_Stack.swift; sourceTree = "<group>"; };
		98BFC9722AA9B96D00D42CFC /* LC75_Stack_Tests.swift */ = {isa = PBXFileReference; lastKnownFileType = sourcecode.swift; path = LC75_Stack_Tests.swift; sourceTree = "<group>"; };
		98BFC9752AAB1D4800D42CFC /* LC75_Queue_Tests.swift */ = {isa = PBXFileReference; lastKnownFileType = sourcecode.swift; path = LC75_Queue_Tests.swift; sourceTree = "<group>"; };
		98BFC9772AAB1D7900D42CFC /* LC75_Queue.swift */ = {isa = PBXFileReference; lastKnownFileType = sourcecode.swift; path = LC75_Queue.swift; sourceTree = "<group>"; };
		98BFC97A2AAB5BA000D42CFC /* LC75_LinkedList.swift */ = {isa = PBXFileReference; lastKnownFileType = sourcecode.swift; path = LC75_LinkedList.swift; sourceTree = "<group>"; };
		98BFC97D2AAB5BB300D42CFC /* LC75_LinkedList_Tests.swift */ = {isa = PBXFileReference; lastKnownFileType = sourcecode.swift; path = LC75_LinkedList_Tests.swift; sourceTree = "<group>"; };
		98BFC97F2AAB5D9E00D42CFC /* ListNode.swift */ = {isa = PBXFileReference; lastKnownFileType = sourcecode.swift; path = ListNode.swift; sourceTree = "<group>"; };
		98C97B2A2ACE9AAA0023DBCA /* Problem_1.swift */ = {isa = PBXFileReference; lastKnownFileType = sourcecode.swift; path = Problem_1.swift; sourceTree = "<group>"; };
		98C97B2D2ACE9ADB0023DBCA /* LeetCodeProblems.swift */ = {isa = PBXFileReference; lastKnownFileType = sourcecode.swift; path = LeetCodeProblems.swift; sourceTree = "<group>"; };
		98C97B302ACE9B760023DBCA /* LeetCodeProblemsTests_20.swift */ = {isa = PBXFileReference; lastKnownFileType = sourcecode.swift; path = LeetCodeProblemsTests_20.swift; sourceTree = "<group>"; };
		98C97B322ACE9C360023DBCA /* Problem_2.swift */ = {isa = PBXFileReference; lastKnownFileType = sourcecode.swift; path = Problem_2.swift; sourceTree = "<group>"; };
		98C97B352ACE9C6B0023DBCA /* Problem_3.swift */ = {isa = PBXFileReference; lastKnownFileType = sourcecode.swift; path = Problem_3.swift; sourceTree = "<group>"; };
		98C97B382AD2B2F80023DBCA /* Problem_4.swift */ = {isa = PBXFileReference; lastKnownFileType = sourcecode.swift; path = Problem_4.swift; sourceTree = "<group>"; };
		98D848652AC05EFE004A7FF1 /* Yandex_Problem_17_34.swift */ = {isa = PBXFileReference; lastKnownFileType = sourcecode.swift; path = Yandex_Problem_17_34.swift; sourceTree = "<group>"; };
		98D848682AC07F82004A7FF1 /* Yandex_Problem_18_43.swift */ = {isa = PBXFileReference; lastKnownFileType = sourcecode.swift; path = Yandex_Problem_18_43.swift; sourceTree = "<group>"; };
		98D8DF822AAE03BB00AEBD4B /* TreeNode.swift */ = {isa = PBXFileReference; lastKnownFileType = sourcecode.swift; path = TreeNode.swift; sourceTree = "<group>"; };
		98D8DF852AAE073500AEBD4B /* LC75_BinaryTree_DFS.swift */ = {isa = PBXFileReference; lastKnownFileType = sourcecode.swift; path = LC75_BinaryTree_DFS.swift; sourceTree = "<group>"; };
		98D8DF882AAE076100AEBD4B /* LC75_BinaryTree_DFS_Tests.swift */ = {isa = PBXFileReference; lastKnownFileType = sourcecode.swift; path = LC75_BinaryTree_DFS_Tests.swift; sourceTree = "<group>"; };
		98D8DF8E2AB03B8D00AEBD4B /* LC_Yandex_Medium.swift */ = {isa = PBXFileReference; lastKnownFileType = sourcecode.swift; path = LC_Yandex_Medium.swift; sourceTree = "<group>"; };
		98D8DF912AB03D1200AEBD4B /* LC_Yandex_Medium_Tests.swift */ = {isa = PBXFileReference; lastKnownFileType = sourcecode.swift; path = LC_Yandex_Medium_Tests.swift; sourceTree = "<group>"; };
		98E366632A9E62C7009D9057 /* LeetCodeProblems */ = {isa = PBXFileReference; explicitFileType = "compiled.mach-o.executable"; includeInIndex = 0; path = LeetCodeProblems; sourceTree = BUILT_PRODUCTS_DIR; };
		98E366662A9E62C7009D9057 /* main.swift */ = {isa = PBXFileReference; lastKnownFileType = sourcecode.swift; path = main.swift; sourceTree = "<group>"; };
		98E366742A9E6754009D9057 /* LeetCodeProblemsTests.xctest */ = {isa = PBXFileReference; explicitFileType = wrapper.cfbundle; includeInIndex = 0; path = LeetCodeProblemsTests.xctest; sourceTree = BUILT_PRODUCTS_DIR; };
/* End PBXFileReference section */

/* Begin PBXFrameworksBuildPhase section */
		98E366602A9E62C7009D9057 /* Frameworks */ = {
			isa = PBXFrameworksBuildPhase;
			buildActionMask = 2147483647;
			files = (
			);
			runOnlyForDeploymentPostprocessing = 0;
		};
		98E366712A9E6753009D9057 /* Frameworks */ = {
			isa = PBXFrameworksBuildPhase;
			buildActionMask = 2147483647;
			files = (
			);
			runOnlyForDeploymentPostprocessing = 0;
		};
/* End PBXFrameworksBuildPhase section */

/* Begin PBXGroup section */
		9864317A2AC31F4B00EC6B70 /* Medium */ = {
			isa = PBXGroup;
			children = (
				986431882AC4120F00EC6B70 /* Yandex_Problem_97_1493.swift */,
				986431942AC42B8B00EC6B70 /* Yandex_Problem_87_849.swift */,
				986431A92AC4699100EC6B70 /* Yandex_Problem_83_692.swift */,
				986431852AC4006500EC6B70 /* Yandex_Problem_63_356.swift */,
				986431A62AC44ADB00EC6B70 /* Yandex_Problem_61_347.swift */,
				986431912AC42A5900EC6B70 /* Yandex_Problem_42_161.swift */,
				986431A02AC4416300EC6B70 /* Yandex_Problem_41_340.swift */,
				986431822AC34E6400EC6B70 /* Yandex_Problem_30_102.swift */,
				986431772AC2EDBF00EC6B70 /* Yandex_Problem_27_98.swift */,
				986431712AC1F04900EC6B70 /* Yandex_Problem_25_74.swift */,
				9864316B2AC1AD7C00EC6B70 /* Yandex_Problem_24_71.swift */,
				986431682AC1893000EC6B70 /* Yandex_Problem_23_59.swift */,
				986431652AC1784100EC6B70 /* Yandex_Problem_22_56.swift */,
				9864316E2AC1D5AC00EC6B70 /* Yandex_Problem_21_53.swift */,
				986431622AC1760E00EC6B70 /* Yandex_Problem_20_49.swift */,
				9864315F2AC165EF00EC6B70 /* Yandex_Problem_19_48.swift */,
				98D848682AC07F82004A7FF1 /* Yandex_Problem_18_43.swift */,
				98D848652AC05EFE004A7FF1 /* Yandex_Problem_17_34.swift */,
				981569192ABEB6FD007BD890 /* Yandex_Problem_16_33.swift */,
				981569102ABDD39E007BD890 /* Yandex_Problem_13_22.swift */,
				981569072ABD9A48007BD890 /* Yandex_Problem_10_19.swift */,
				981569042ABD8CA7007BD890 /* Yandex_Problem_9_16.swift */,
				981569012ABCACBD007BD890 /* Yandex_Problem_8_15.swift */,
				981568FB2ABC5DC4007BD890 /* Yandex_Problem_6_12.swift */,
				981568F82ABC5488007BD890 /* Yandex_Problem_5_11.swift */,
			);
			path = Medium;
			sourceTree = "<group>";
		};
		9864317B2AC31F6500EC6B70 /* Easy */ = {
			isa = PBXGroup;
			children = (
				9864319D2AC43BAA00EC6B70 /* Yandex_Problem_91_977.swift */,
				986431A32AC4425D00EC6B70 /* Yandex_Problem_94_2215.swift */,
				986431972AC42C8800EC6B70 /* Yandex_Problem_47_228.swift */,
				9864317F2AC3257700EC6B70 /* Yandex_Problem_29_101.swift */,
				9864317C2AC3203200EC6B70 /* Yandex_Problem_28_100.swift */,
				986431742AC2C34C00EC6B70 /* Yandex_Problem_26_88.swift */,
				981569162ABDFE65007BD890 /* Yandex_Problem_15_28.swift */,
				981569132ABDD4DC007BD890 /* Yandex_Problem_14_26.swift */,
				9815690D2ABDBE7D007BD890 /* Yandex_Problem_12_21.swift */,
				9815690A2ABDAFBB007BD890 /* Yandex_Problem_11_20.swift */,
				981568FE2ABC7FB3007BD890 /* Yandex_Problem_7_13.swift */,
			);
			path = Easy;
			sourceTree = "<group>";
		};
		98C97B292ACE9A420023DBCA /* Problems_20 */ = {
			isa = PBXGroup;
			children = (
				98C97B2A2ACE9AAA0023DBCA /* Problem_1.swift */,
				98C97B322ACE9C360023DBCA /* Problem_2.swift */,
				98C97B352ACE9C6B0023DBCA /* Problem_3.swift */,
				98C97B382AD2B2F80023DBCA /* Problem_4.swift */,
				9829A69E2AD540C4004E6377 /* Problem_5.swift */,
				9829A6A12AD541D2004E6377 /* Problem_6.swift */,
				9829A6A42AD5667A004E6377 /* Problem_7.swift */,
				98B780432AD6CD7E0018E8F2 /* Problem_8.swift */,
				98B780462AD6F7510018E8F2 /* Problem_9.swift */,
			);
			path = Problems_20;
			sourceTree = "<group>";
		};
		98D8DF8A2AB02A3100AEBD4B /* LC75_Tests */ = {
			isa = PBXGroup;
			children = (
				988074A22AA5E71E001670E7 /* LC75_Array_Tests.swift */,
				988074A52AA71D95001670E7 /* LC75_TwoPointers_Tests.swift */,
				988074AC2AA88B18001670E7 /* LC75_SlidingWindow_Tests.swift */,
				988074AF2AA8E9AA001670E7 /* LC75_PrefixSum_Tests.swift */,
				988074B42AA8F1C1001670E7 /* LC75_HashMap&Set_Tests.swift */,
				98BFC9722AA9B96D00D42CFC /* LC75_Stack_Tests.swift */,
				98BFC9752AAB1D4800D42CFC /* LC75_Queue_Tests.swift */,
				98BFC97D2AAB5BB300D42CFC /* LC75_LinkedList_Tests.swift */,
				98D8DF882AAE076100AEBD4B /* LC75_BinaryTree_DFS_Tests.swift */,
			);
			path = LC75_Tests;
			sourceTree = "<group>";
		};
		98D8DF8B2AB02A6300AEBD4B /* DataStructures */ = {
			isa = PBXGroup;
			children = (
				98BFC97F2AAB5D9E00D42CFC /* ListNode.swift */,
				98D8DF822AAE03BB00AEBD4B /* TreeNode.swift */,
				981568D12AB88E6F007BD890 /* DoubleLinkedList.swift */,
				981568D32AB899A6007BD890 /* LRUCache.swift */,
				981568D72AB9AE1C007BD890 /* RandomizedSet.swift */,
				9864318E2AC41CE100EC6B70 /* ATM.swift */,
				9864319A2AC42FE500EC6B70 /* HitCounter.swift */,
			);
			path = DataStructures;
			sourceTree = "<group>";
		};
		98D8DF8C2AB03B4D00AEBD4B /* Yandex */ = {
			isa = PBXGroup;
			children = (
				9864317B2AC31F6500EC6B70 /* Easy */,
				9864317A2AC31F4B00EC6B70 /* Medium */,
				98D8DF8E2AB03B8D00AEBD4B /* LC_Yandex_Medium.swift */,
				9836A0932AB19A2E0025E1A8 /* LC_Yandex_Easy.swift */,
				981568DD2ABA0FCF007BD890 /* Yandex_Problems.swift */,
				981568E02ABAF7AE007BD890 /* Yandex_Problem_206.swift */,
				981568E62ABB3D0C007BD890 /* Yandex_Problem_125.swift */,
			);
			path = Yandex;
			sourceTree = "<group>";
		};
		98D8DF8D2AB03B5F00AEBD4B /* LC_Yandex_Tests */ = {
			isa = PBXGroup;
			children = (
				98D8DF912AB03D1200AEBD4B /* LC_Yandex_Medium_Tests.swift */,
				9836A0912AB199EF0025E1A8 /* LC_Yandex_Easy_Tests.swift */,
				981568EC2ABB66C5007BD890 /* Yandex_Problems_Tests.swift */,
			);
			path = LC_Yandex_Tests;
			sourceTree = "<group>";
		};
		98E3665A2A9E62C6009D9057 = {
			isa = PBXGroup;
			children = (
				98E366652A9E62C7009D9057 /* LeetCodeProblems */,
				98E366752A9E6754009D9057 /* LeetCodeProblemsTests */,
				98E366642A9E62C7009D9057 /* Products */,
			);
			sourceTree = "<group>";
		};
		98E366642A9E62C7009D9057 /* Products */ = {
			isa = PBXGroup;
			children = (
				98E366632A9E62C7009D9057 /* LeetCodeProblems */,
				98E366742A9E6754009D9057 /* LeetCodeProblemsTests.xctest */,
			);
			name = Products;
			sourceTree = "<group>";
		};
		98E366652A9E62C7009D9057 /* LeetCodeProblems */ = {
			isa = PBXGroup;
			children = (
				98C97B292ACE9A420023DBCA /* Problems_20 */,
				98D8DF8C2AB03B4D00AEBD4B /* Yandex */,
				98D8DF8B2AB02A6300AEBD4B /* DataStructures */,
				98E3666D2A9E6696009D9057 /* LeetCode75 */,
				98E366662A9E62C7009D9057 /* main.swift */,
				98C97B2D2ACE9ADB0023DBCA /* LeetCodeProblems.swift */,
			);
			path = LeetCodeProblems;
			sourceTree = "<group>";
		};
		98E3666D2A9E6696009D9057 /* LeetCode75 */ = {
			isa = PBXGroup;
			children = (
				988074A02AA5E6F0001670E7 /* LC75_Array.swift */,
				988074A72AA71DC1001670E7 /* LC75_TwoPointers.swift */,
				988074AA2AA88AA1001670E7 /* LC75_SlidingWindow.swift */,
				988074B12AA8E9CA001670E7 /* LC75_PrefixSum.swift */,
				988074B62AA8F1D4001670E7 /* LC75_HashMap&Set.swift */,
				98BFC9702AA9B95700D42CFC /* LC75_Stack.swift */,
				98BFC9772AAB1D7900D42CFC /* LC75_Queue.swift */,
				98BFC97A2AAB5BA000D42CFC /* LC75_LinkedList.swift */,
				98D8DF852AAE073500AEBD4B /* LC75_BinaryTree_DFS.swift */,
			);
			path = LeetCode75;
			sourceTree = "<group>";
		};
		98E366752A9E6754009D9057 /* LeetCodeProblemsTests */ = {
			isa = PBXGroup;
			children = (
				98D8DF8D2AB03B5F00AEBD4B /* LC_Yandex_Tests */,
				98D8DF8A2AB02A3100AEBD4B /* LC75_Tests */,
				98C97B302ACE9B760023DBCA /* LeetCodeProblemsTests_20.swift */,
			);
			path = LeetCodeProblemsTests;
			sourceTree = "<group>";
		};
/* End PBXGroup section */

/* Begin PBXNativeTarget section */
		98E366622A9E62C7009D9057 /* LeetCodeProblems */ = {
			isa = PBXNativeTarget;
			buildConfigurationList = 98E3666A2A9E62C7009D9057 /* Build configuration list for PBXNativeTarget "LeetCodeProblems" */;
			buildPhases = (
				98E3665F2A9E62C7009D9057 /* Sources */,
				98E366602A9E62C7009D9057 /* Frameworks */,
				98E366612A9E62C7009D9057 /* CopyFiles */,
			);
			buildRules = (
			);
			dependencies = (
			);
			name = LeetCodeProblems;
			productName = LeetCodeProblems;
			productReference = 98E366632A9E62C7009D9057 /* LeetCodeProblems */;
			productType = "com.apple.product-type.tool";
		};
		98E366732A9E6753009D9057 /* LeetCodeProblemsTests */ = {
			isa = PBXNativeTarget;
			buildConfigurationList = 98E366782A9E6754009D9057 /* Build configuration list for PBXNativeTarget "LeetCodeProblemsTests" */;
			buildPhases = (
				98E366702A9E6753009D9057 /* Sources */,
				98E366712A9E6753009D9057 /* Frameworks */,
				98E366722A9E6753009D9057 /* Resources */,
			);
			buildRules = (
			);
			dependencies = (
			);
			name = LeetCodeProblemsTests;
			productName = LeetCodeProblemsTests;
			productReference = 98E366742A9E6754009D9057 /* LeetCodeProblemsTests.xctest */;
			productType = "com.apple.product-type.bundle.unit-test";
		};
/* End PBXNativeTarget section */

/* Begin PBXProject section */
		98E3665B2A9E62C6009D9057 /* Project object */ = {
			isa = PBXProject;
			attributes = {
				BuildIndependentTargetsInParallel = 1;
				LastSwiftUpdateCheck = 1420;
				LastUpgradeCheck = 1420;
				TargetAttributes = {
					98E366622A9E62C7009D9057 = {
						CreatedOnToolsVersion = 14.2;
					};
					98E366732A9E6753009D9057 = {
						CreatedOnToolsVersion = 14.2;
					};
				};
			};
			buildConfigurationList = 98E3665E2A9E62C6009D9057 /* Build configuration list for PBXProject "LeetCodeProblems" */;
			compatibilityVersion = "Xcode 14.0";
			developmentRegion = en;
			hasScannedForEncodings = 0;
			knownRegions = (
				en,
				Base,
			);
			mainGroup = 98E3665A2A9E62C6009D9057;
			productRefGroup = 98E366642A9E62C7009D9057 /* Products */;
			projectDirPath = "";
			projectRoot = "";
			targets = (
				98E366622A9E62C7009D9057 /* LeetCodeProblems */,
				98E366732A9E6753009D9057 /* LeetCodeProblemsTests */,
			);
		};
/* End PBXProject section */

/* Begin PBXResourcesBuildPhase section */
		98E366722A9E6753009D9057 /* Resources */ = {
			isa = PBXResourcesBuildPhase;
			buildActionMask = 2147483647;
			files = (
			);
			runOnlyForDeploymentPostprocessing = 0;
		};
/* End PBXResourcesBuildPhase section */

/* Begin PBXSourcesBuildPhase section */
		98E3665F2A9E62C7009D9057 /* Sources */ = {
			isa = PBXSourcesBuildPhase;
			buildActionMask = 2147483647;
			files = (
				986431722AC1F04900EC6B70 /* Yandex_Problem_25_74.swift in Sources */,
				986431A12AC4416300EC6B70 /* Yandex_Problem_41_340.swift in Sources */,
				986431752AC2C34C00EC6B70 /* Yandex_Problem_26_88.swift in Sources */,
				981568D42AB899A6007BD890 /* LRUCache.swift in Sources */,
				988074A12AA5E6F0001670E7 /* LC75_Array.swift in Sources */,
				9864316C2AC1AD7C00EC6B70 /* Yandex_Problem_24_71.swift in Sources */,
				981569022ABCACBD007BD890 /* Yandex_Problem_8_15.swift in Sources */,
				98B780472AD6F7510018E8F2 /* Problem_9.swift in Sources */,
				98BFC9802AAB5D9E00D42CFC /* ListNode.swift in Sources */,
				986431862AC4006500EC6B70 /* Yandex_Problem_63_356.swift in Sources */,
				98C97B362ACE9C6B0023DBCA /* Problem_3.swift in Sources */,
				981569142ABDD4DC007BD890 /* Yandex_Problem_14_26.swift in Sources */,
				9815691A2ABEB6FD007BD890 /* Yandex_Problem_16_33.swift in Sources */,
				98C97B332ACE9C360023DBCA /* Problem_2.swift in Sources */,
				988074B22AA8E9CA001670E7 /* LC75_PrefixSum.swift in Sources */,
				9815690B2ABDAFBB007BD890 /* Yandex_Problem_11_20.swift in Sources */,
				9815690E2ABDBE7D007BD890 /* Yandex_Problem_12_21.swift in Sources */,
				98BFC9782AAB1D7900D42CFC /* LC75_Queue.swift in Sources */,
				98D848662AC05EFE004A7FF1 /* Yandex_Problem_17_34.swift in Sources */,
				981568FF2ABC7FB3007BD890 /* Yandex_Problem_7_13.swift in Sources */,
				981569052ABD8CA7007BD890 /* Yandex_Problem_9_16.swift in Sources */,
				98E366672A9E62C7009D9057 /* main.swift in Sources */,
				986431AA2AC4699100EC6B70 /* Yandex_Problem_83_692.swift in Sources */,
				986431982AC42C8800EC6B70 /* Yandex_Problem_47_228.swift in Sources */,
				981569112ABDD39E007BD890 /* Yandex_Problem_13_22.swift in Sources */,
				986431692AC1893000EC6B70 /* Yandex_Problem_23_59.swift in Sources */,
				981569172ABDFE65007BD890 /* Yandex_Problem_15_28.swift in Sources */,
				981568E12ABAF7AE007BD890 /* Yandex_Problem_206.swift in Sources */,
				986431832AC34E6400EC6B70 /* Yandex_Problem_30_102.swift in Sources */,
				986431662AC1784100EC6B70 /* Yandex_Problem_22_56.swift in Sources */,
				981568D82AB9AE1C007BD890 /* RandomizedSet.swift in Sources */,
				9864316F2AC1D5AC00EC6B70 /* Yandex_Problem_21_53.swift in Sources */,
				9829A6A22AD541D2004E6377 /* Problem_6.swift in Sources */,
				9836A0942AB19A2E0025E1A8 /* LC_Yandex_Easy.swift in Sources */,
				986431922AC42A5900EC6B70 /* Yandex_Problem_42_161.swift in Sources */,
				98BFC97B2AAB5BA000D42CFC /* LC75_LinkedList.swift in Sources */,
				98D8DF832AAE03BB00AEBD4B /* TreeNode.swift in Sources */,
				981568E72ABB3D0C007BD890 /* Yandex_Problem_125.swift in Sources */,
				9864319E2AC43BAA00EC6B70 /* Yandex_Problem_91_977.swift in Sources */,
				981568DE2ABA0FCF007BD890 /* Yandex_Problems.swift in Sources */,
				986431A42AC4425D00EC6B70 /* Yandex_Problem_94_2215.swift in Sources */,
				986431602AC165EF00EC6B70 /* Yandex_Problem_19_48.swift in Sources */,
				988074A82AA71DC1001670E7 /* LC75_TwoPointers.swift in Sources */,
				9864318F2AC41CE100EC6B70 /* ATM.swift in Sources */,
				98C97B2B2ACE9AAA0023DBCA /* Problem_1.swift in Sources */,
				986431892AC4120F00EC6B70 /* Yandex_Problem_97_1493.swift in Sources */,
				9864319B2AC42FE500EC6B70 /* HitCounter.swift in Sources */,
				98C97B392AD2B2F80023DBCA /* Problem_4.swift in Sources */,
				986431782AC2EDBF00EC6B70 /* Yandex_Problem_27_98.swift in Sources */,
				986431952AC42B8B00EC6B70 /* Yandex_Problem_87_849.swift in Sources */,
				988074AB2AA88AA1001670E7 /* LC75_SlidingWindow.swift in Sources */,
				981568D22AB88E70007BD890 /* DoubleLinkedList.swift in Sources */,
				9829A69F2AD540C4004E6377 /* Problem_5.swift in Sources */,
				981568F92ABC5488007BD890 /* Yandex_Problem_5_11.swift in Sources */,
				98BFC9712AA9B95700D42CFC /* LC75_Stack.swift in Sources */,
				98D848692AC07F82004A7FF1 /* Yandex_Problem_18_43.swift in Sources */,
				986431A72AC44ADB00EC6B70 /* Yandex_Problem_61_347.swift in Sources */,
				9864317D2AC3203200EC6B70 /* Yandex_Problem_28_100.swift in Sources */,
				981569082ABD9A48007BD890 /* Yandex_Problem_10_19.swift in Sources */,
				988074B72AA8F1D4001670E7 /* LC75_HashMap&Set.swift in Sources */,
				98B780442AD6CD7E0018E8F2 /* Problem_8.swift in Sources */,
				986431802AC3257700EC6B70 /* Yandex_Problem_29_101.swift in Sources */,
				98C97B2E2ACE9ADB0023DBCA /* LeetCodeProblems.swift in Sources */,
				98D8DF8F2AB03B8D00AEBD4B /* LC_Yandex_Medium.swift in Sources */,
				981568FC2ABC5DC4007BD890 /* Yandex_Problem_6_12.swift in Sources */,
				9829A6A52AD5667A004E6377 /* Problem_7.swift in Sources */,
				986431632AC1760E00EC6B70 /* Yandex_Problem_20_49.swift in Sources */,
				98D8DF862AAE073500AEBD4B /* LC75_BinaryTree_DFS.swift in Sources */,
			);
			runOnlyForDeploymentPostprocessing = 0;
		};
		98E366702A9E6753009D9057 /* Sources */ = {
			isa = PBXSourcesBuildPhase;
			buildActionMask = 2147483647;
			files = (
				988074B52AA8F1C1001670E7 /* LC75_HashMap&Set_Tests.swift in Sources */,
				98BFC97C2AAB5BA000D42CFC /* LC75_LinkedList.swift in Sources */,
				98BFC9732AA9B96D00D42CFC /* LC75_Stack_Tests.swift in Sources */,
				98B780482AD6F7510018E8F2 /* Problem_9.swift in Sources */,
				981568E82ABB3D0C007BD890 /* Yandex_Problem_125.swift in Sources */,
				986431792AC2EDBF00EC6B70 /* Yandex_Problem_27_98.swift in Sources */,
				988074A32AA5E71E001670E7 /* LC75_Array_Tests.swift in Sources */,
				9864316D2AC1AD7C00EC6B70 /* Yandex_Problem_24_71.swift in Sources */,
				9864317E2AC3203200EC6B70 /* Yandex_Problem_28_100.swift in Sources */,
				988074AE2AA88B1D001670E7 /* LC75_SlidingWindow.swift in Sources */,
				986431A22AC4416300EC6B70 /* Yandex_Problem_41_340.swift in Sources */,
				98BFC97E2AAB5BB300D42CFC /* LC75_LinkedList_Tests.swift in Sources */,
				98BFC9762AAB1D4800D42CFC /* LC75_Queue_Tests.swift in Sources */,
				981568D62AB899B0007BD890 /* DoubleLinkedList.swift in Sources */,
				981569122ABDD39E007BD890 /* Yandex_Problem_13_22.swift in Sources */,
				981568FA2ABC5488007BD890 /* Yandex_Problem_5_11.swift in Sources */,
				981569032ABCACBD007BD890 /* Yandex_Problem_8_15.swift in Sources */,
				98C97B3A2AD2B2FD0023DBCA /* Problem_4.swift in Sources */,
				9864318A2AC4120F00EC6B70 /* Yandex_Problem_97_1493.swift in Sources */,
				9864316A2AC1893000EC6B70 /* Yandex_Problem_23_59.swift in Sources */,
				981569152ABDD4DC007BD890 /* Yandex_Problem_14_26.swift in Sources */,
				9836A0922AB199EF0025E1A8 /* LC_Yandex_Easy_Tests.swift in Sources */,
				988074A92AA71DC1001670E7 /* LC75_TwoPointers.swift in Sources */,
				9864319C2AC42FE500EC6B70 /* HitCounter.swift in Sources */,
				986431762AC2C34C00EC6B70 /* Yandex_Problem_26_88.swift in Sources */,
				986431932AC42A5900EC6B70 /* Yandex_Problem_42_161.swift in Sources */,
				98BFC9812AAB5D9E00D42CFC /* ListNode.swift in Sources */,
				986431A82AC44ADB00EC6B70 /* Yandex_Problem_61_347.swift in Sources */,
				9829A6A62AD5667A004E6377 /* Problem_7.swift in Sources */,
				986431902AC41CE100EC6B70 /* ATM.swift in Sources */,
				9815690C2ABDAFBB007BD890 /* Yandex_Problem_11_20.swift in Sources */,
				981569182ABDFE65007BD890 /* Yandex_Problem_15_28.swift in Sources */,
				98D8DF922AB03D1200AEBD4B /* LC_Yandex_Medium_Tests.swift in Sources */,
				986431732AC1F04900EC6B70 /* Yandex_Problem_25_74.swift in Sources */,
				98B780452AD6CD7E0018E8F2 /* Problem_8.swift in Sources */,
				988074B02AA8E9AA001670E7 /* LC75_PrefixSum_Tests.swift in Sources */,
				988074B32AA8E9CE001670E7 /* LC75_PrefixSum.swift in Sources */,
				986431672AC1784100EC6B70 /* Yandex_Problem_22_56.swift in Sources */,
				981568D92AB9AE52007BD890 /* RandomizedSet.swift in Sources */,
				98D8DF842AAE03BB00AEBD4B /* TreeNode.swift in Sources */,
				9815691B2ABEB6FD007BD890 /* Yandex_Problem_16_33.swift in Sources */,
				986431872AC4006500EC6B70 /* Yandex_Problem_63_356.swift in Sources */,
				98BFC9792AAB1D7900D42CFC /* LC75_Queue.swift in Sources */,
				986431842AC34E6400EC6B70 /* Yandex_Problem_30_102.swift in Sources */,
				98D8486A2AC07F82004A7FF1 /* Yandex_Problem_18_43.swift in Sources */,
				981568E22ABAF7AE007BD890 /* Yandex_Problem_206.swift in Sources */,
				98C97B342ACE9C360023DBCA /* Problem_2.swift in Sources */,
				981569092ABD9A48007BD890 /* Yandex_Problem_10_19.swift in Sources */,
				9829A6A02AD54145004E6377 /* Problem_5.swift in Sources */,
				986431AB2AC4699100EC6B70 /* Yandex_Problem_83_692.swift in Sources */,
				986431702AC1D5AC00EC6B70 /* Yandex_Problem_21_53.swift in Sources */,
				988074A62AA71D95001670E7 /* LC75_TwoPointers_Tests.swift in Sources */,
				981568DF2ABA0FCF007BD890 /* Yandex_Problems.swift in Sources */,
				988074A42AA5E727001670E7 /* LC75_Array.swift in Sources */,
				98C97B372ACE9C6B0023DBCA /* Problem_3.swift in Sources */,
				98D848672AC05EFE004A7FF1 /* Yandex_Problem_17_34.swift in Sources */,
				98D8DF892AAE076100AEBD4B /* LC75_BinaryTree_DFS_Tests.swift in Sources */,
				988074AD2AA88B18001670E7 /* LC75_SlidingWindow_Tests.swift in Sources */,
				986431992AC42C8800EC6B70 /* Yandex_Problem_47_228.swift in Sources */,
				986431612AC165EF00EC6B70 /* Yandex_Problem_19_48.swift in Sources */,
				986431962AC42B8B00EC6B70 /* Yandex_Problem_87_849.swift in Sources */,
				981568FD2ABC5DC4007BD890 /* Yandex_Problem_6_12.swift in Sources */,
				98D8DF872AAE073500AEBD4B /* LC75_BinaryTree_DFS.swift in Sources */,
				988074B82AA8F296001670E7 /* LC75_HashMap&Set.swift in Sources */,
				981569062ABD8CA7007BD890 /* Yandex_Problem_9_16.swift in Sources */,
				986431A52AC4425D00EC6B70 /* Yandex_Problem_94_2215.swift in Sources */,
				98BFC9742AA9B97300D42CFC /* LC75_Stack.swift in Sources */,
				9864319F2AC43BAA00EC6B70 /* Yandex_Problem_91_977.swift in Sources */,
				98D8DF902AB03BA000AEBD4B /* LC_Yandex_Medium.swift in Sources */,
				98C97B312ACE9B760023DBCA /* LeetCodeProblemsTests_20.swift in Sources */,
				9836A0952AB19BEA0025E1A8 /* LC_Yandex_Easy.swift in Sources */,
				986431642AC1760E00EC6B70 /* Yandex_Problem_20_49.swift in Sources */,
				981568EE2ABB66C5007BD890 /* Yandex_Problems_Tests.swift in Sources */,
				981569002ABC7FB3007BD890 /* Yandex_Problem_7_13.swift in Sources */,
				981568D52AB899AC007BD890 /* LRUCache.swift in Sources */,
				98C97B2F2ACE9ADB0023DBCA /* LeetCodeProblems.swift in Sources */,
				98C97B2C2ACE9AAA0023DBCA /* Problem_1.swift in Sources */,
				9829A6A32AD54E00004E6377 /* Problem_6.swift in Sources */,
				986431812AC3257700EC6B70 /* Yandex_Problem_29_101.swift in Sources */,
				9815690F2ABDBE7D007BD890 /* Yandex_Problem_12_21.swift in Sources */,
			);
			runOnlyForDeploymentPostprocessing = 0;
		};
/* End PBXSourcesBuildPhase section */

/* Begin XCBuildConfiguration section */
		98E366682A9E62C7009D9057 /* Debug */ = {
			isa = XCBuildConfiguration;
			buildSettings = {
				ALWAYS_SEARCH_USER_PATHS = NO;
				CLANG_ANALYZER_NONNULL = YES;
				CLANG_ANALYZER_NUMBER_OBJECT_CONVERSION = YES_AGGRESSIVE;
				CLANG_CXX_LANGUAGE_STANDARD = "gnu++20";
				CLANG_ENABLE_MODULES = YES;
				CLANG_ENABLE_OBJC_ARC = YES;
				CLANG_ENABLE_OBJC_WEAK = YES;
				CLANG_WARN_BLOCK_CAPTURE_AUTORELEASING = YES;
				CLANG_WARN_BOOL_CONVERSION = YES;
				CLANG_WARN_COMMA = YES;
				CLANG_WARN_CONSTANT_CONVERSION = YES;
				CLANG_WARN_DEPRECATED_OBJC_IMPLEMENTATIONS = YES;
				CLANG_WARN_DIRECT_OBJC_ISA_USAGE = YES_ERROR;
				CLANG_WARN_DOCUMENTATION_COMMENTS = YES;
				CLANG_WARN_EMPTY_BODY = YES;
				CLANG_WARN_ENUM_CONVERSION = YES;
				CLANG_WARN_INFINITE_RECURSION = YES;
				CLANG_WARN_INT_CONVERSION = YES;
				CLANG_WARN_NON_LITERAL_NULL_CONVERSION = YES;
				CLANG_WARN_OBJC_IMPLICIT_RETAIN_SELF = YES;
				CLANG_WARN_OBJC_LITERAL_CONVERSION = YES;
				CLANG_WARN_OBJC_ROOT_CLASS = YES_ERROR;
				CLANG_WARN_QUOTED_INCLUDE_IN_FRAMEWORK_HEADER = YES;
				CLANG_WARN_RANGE_LOOP_ANALYSIS = YES;
				CLANG_WARN_STRICT_PROTOTYPES = YES;
				CLANG_WARN_SUSPICIOUS_MOVE = YES;
				CLANG_WARN_UNGUARDED_AVAILABILITY = YES_AGGRESSIVE;
				CLANG_WARN_UNREACHABLE_CODE = YES;
				CLANG_WARN__DUPLICATE_METHOD_MATCH = YES;
				COPY_PHASE_STRIP = NO;
				DEBUG_INFORMATION_FORMAT = dwarf;
				ENABLE_STRICT_OBJC_MSGSEND = YES;
				ENABLE_TESTABILITY = YES;
				GCC_C_LANGUAGE_STANDARD = gnu11;
				GCC_DYNAMIC_NO_PIC = NO;
				GCC_NO_COMMON_BLOCKS = YES;
				GCC_OPTIMIZATION_LEVEL = 0;
				GCC_PREPROCESSOR_DEFINITIONS = (
					"DEBUG=1",
					"$(inherited)",
				);
				GCC_WARN_64_TO_32_BIT_CONVERSION = YES;
				GCC_WARN_ABOUT_RETURN_TYPE = YES_ERROR;
				GCC_WARN_UNDECLARED_SELECTOR = YES;
				GCC_WARN_UNINITIALIZED_AUTOS = YES_AGGRESSIVE;
				GCC_WARN_UNUSED_FUNCTION = YES;
				GCC_WARN_UNUSED_VARIABLE = YES;
				MACOSX_DEPLOYMENT_TARGET = 12.6;
				MTL_ENABLE_DEBUG_INFO = INCLUDE_SOURCE;
				MTL_FAST_MATH = YES;
				ONLY_ACTIVE_ARCH = YES;
				SDKROOT = macosx;
				SWIFT_ACTIVE_COMPILATION_CONDITIONS = DEBUG;
				SWIFT_OPTIMIZATION_LEVEL = "-Onone";
			};
			name = Debug;
		};
		98E366692A9E62C7009D9057 /* Release */ = {
			isa = XCBuildConfiguration;
			buildSettings = {
				ALWAYS_SEARCH_USER_PATHS = NO;
				CLANG_ANALYZER_NONNULL = YES;
				CLANG_ANALYZER_NUMBER_OBJECT_CONVERSION = YES_AGGRESSIVE;
				CLANG_CXX_LANGUAGE_STANDARD = "gnu++20";
				CLANG_ENABLE_MODULES = YES;
				CLANG_ENABLE_OBJC_ARC = YES;
				CLANG_ENABLE_OBJC_WEAK = YES;
				CLANG_WARN_BLOCK_CAPTURE_AUTORELEASING = YES;
				CLANG_WARN_BOOL_CONVERSION = YES;
				CLANG_WARN_COMMA = YES;
				CLANG_WARN_CONSTANT_CONVERSION = YES;
				CLANG_WARN_DEPRECATED_OBJC_IMPLEMENTATIONS = YES;
				CLANG_WARN_DIRECT_OBJC_ISA_USAGE = YES_ERROR;
				CLANG_WARN_DOCUMENTATION_COMMENTS = YES;
				CLANG_WARN_EMPTY_BODY = YES;
				CLANG_WARN_ENUM_CONVERSION = YES;
				CLANG_WARN_INFINITE_RECURSION = YES;
				CLANG_WARN_INT_CONVERSION = YES;
				CLANG_WARN_NON_LITERAL_NULL_CONVERSION = YES;
				CLANG_WARN_OBJC_IMPLICIT_RETAIN_SELF = YES;
				CLANG_WARN_OBJC_LITERAL_CONVERSION = YES;
				CLANG_WARN_OBJC_ROOT_CLASS = YES_ERROR;
				CLANG_WARN_QUOTED_INCLUDE_IN_FRAMEWORK_HEADER = YES;
				CLANG_WARN_RANGE_LOOP_ANALYSIS = YES;
				CLANG_WARN_STRICT_PROTOTYPES = YES;
				CLANG_WARN_SUSPICIOUS_MOVE = YES;
				CLANG_WARN_UNGUARDED_AVAILABILITY = YES_AGGRESSIVE;
				CLANG_WARN_UNREACHABLE_CODE = YES;
				CLANG_WARN__DUPLICATE_METHOD_MATCH = YES;
				COPY_PHASE_STRIP = NO;
				DEBUG_INFORMATION_FORMAT = "dwarf-with-dsym";
				ENABLE_NS_ASSERTIONS = NO;
				ENABLE_STRICT_OBJC_MSGSEND = YES;
				GCC_C_LANGUAGE_STANDARD = gnu11;
				GCC_NO_COMMON_BLOCKS = YES;
				GCC_WARN_64_TO_32_BIT_CONVERSION = YES;
				GCC_WARN_ABOUT_RETURN_TYPE = YES_ERROR;
				GCC_WARN_UNDECLARED_SELECTOR = YES;
				GCC_WARN_UNINITIALIZED_AUTOS = YES_AGGRESSIVE;
				GCC_WARN_UNUSED_FUNCTION = YES;
				GCC_WARN_UNUSED_VARIABLE = YES;
				MACOSX_DEPLOYMENT_TARGET = 12.6;
				MTL_ENABLE_DEBUG_INFO = NO;
				MTL_FAST_MATH = YES;
				SDKROOT = macosx;
				SWIFT_COMPILATION_MODE = wholemodule;
				SWIFT_OPTIMIZATION_LEVEL = "-O";
			};
			name = Release;
		};
		98E3666B2A9E62C7009D9057 /* Debug */ = {
			isa = XCBuildConfiguration;
			buildSettings = {
				CODE_SIGN_STYLE = Automatic;
				DEVELOPMENT_TEAM = 8FA6F58X42;
				ENABLE_HARDENED_RUNTIME = YES;
				PRODUCT_NAME = "$(TARGET_NAME)";
				SWIFT_VERSION = 5.0;
			};
			name = Debug;
		};
		98E3666C2A9E62C7009D9057 /* Release */ = {
			isa = XCBuildConfiguration;
			buildSettings = {
				CODE_SIGN_STYLE = Automatic;
				DEVELOPMENT_TEAM = 8FA6F58X42;
				ENABLE_HARDENED_RUNTIME = YES;
				PRODUCT_NAME = "$(TARGET_NAME)";
				SWIFT_VERSION = 5.0;
			};
			name = Release;
		};
		98E366792A9E6754009D9057 /* Debug */ = {
			isa = XCBuildConfiguration;
			buildSettings = {
				CODE_SIGN_STYLE = Automatic;
				CURRENT_PROJECT_VERSION = 1;
				DEVELOPMENT_TEAM = 8FA6F58X42;
				GENERATE_INFOPLIST_FILE = YES;
				MARKETING_VERSION = 1.0;
				PRODUCT_BUNDLE_IDENTIFIER = ru.koteika19.LeetCodeProblemsTests;
				PRODUCT_NAME = "$(TARGET_NAME)";
				SWIFT_EMIT_LOC_STRINGS = NO;
				SWIFT_VERSION = 5.0;
			};
			name = Debug;
		};
		98E3667A2A9E6754009D9057 /* Release */ = {
			isa = XCBuildConfiguration;
			buildSettings = {
				CODE_SIGN_STYLE = Automatic;
				CURRENT_PROJECT_VERSION = 1;
				DEVELOPMENT_TEAM = 8FA6F58X42;
				GENERATE_INFOPLIST_FILE = YES;
				MARKETING_VERSION = 1.0;
				PRODUCT_BUNDLE_IDENTIFIER = ru.koteika19.LeetCodeProblemsTests;
				PRODUCT_NAME = "$(TARGET_NAME)";
				SWIFT_EMIT_LOC_STRINGS = NO;
				SWIFT_VERSION = 5.0;
			};
			name = Release;
		};
/* End XCBuildConfiguration section */

/* Begin XCConfigurationList section */
		98E3665E2A9E62C6009D9057 /* Build configuration list for PBXProject "LeetCodeProblems" */ = {
			isa = XCConfigurationList;
			buildConfigurations = (
				98E366682A9E62C7009D9057 /* Debug */,
				98E366692A9E62C7009D9057 /* Release */,
			);
			defaultConfigurationIsVisible = 0;
			defaultConfigurationName = Release;
		};
		98E3666A2A9E62C7009D9057 /* Build configuration list for PBXNativeTarget "LeetCodeProblems" */ = {
			isa = XCConfigurationList;
			buildConfigurations = (
				98E3666B2A9E62C7009D9057 /* Debug */,
				98E3666C2A9E62C7009D9057 /* Release */,
			);
			defaultConfigurationIsVisible = 0;
			defaultConfigurationName = Release;
		};
		98E366782A9E6754009D9057 /* Build configuration list for PBXNativeTarget "LeetCodeProblemsTests" */ = {
			isa = XCConfigurationList;
			buildConfigurations = (
				98E366792A9E6754009D9057 /* Debug */,
				98E3667A2A9E6754009D9057 /* Release */,
			);
			defaultConfigurationIsVisible = 0;
			defaultConfigurationName = Release;
		};
/* End XCConfigurationList section */
	};
	rootObject = 98E3665B2A9E62C6009D9057 /* Project object */;
}
