// !$*UTF8*$!
{
	archiveVersion = 1;
	classes = {
	};
	objectVersion = 56;
	objects = {

/* Begin PBXBuildFile section */
		988074A12AA5E6F0001670E7 /* LC75_Array.swift in Sources */ = {isa = PBXBuildFile; fileRef = 988074A02AA5E6F0001670E7 /* LC75_Array.swift */; };
		988074A32AA5E71E001670E7 /* LC75_Array_Tests.swift in Sources */ = {isa = PBXBuildFile; fileRef = 988074A22AA5E71E001670E7 /* LC75_Array_Tests.swift */; };
		988074A42AA5E727001670E7 /* LC75_Array.swift in Sources */ = {isa = PBXBuildFile; fileRef = 988074A02AA5E6F0001670E7 /* LC75_Array.swift */; };
		988074A62AA71D95001670E7 /* LC75_TwoPointers_Tests.swift in Sources */ = {isa = PBXBuildFile; fileRef = 988074A52AA71D95001670E7 /* LC75_TwoPointers_Tests.swift */; };
		988074A82AA71DC1001670E7 /* LC75_TwoPointers.swift in Sources */ = {isa = PBXBuildFile; fileRef = 988074A72AA71DC1001670E7 /* LC75_TwoPointers.swift */; };
		988074A92AA71DC1001670E7 /* LC75_TwoPointers.swift in Sources */ = {isa = PBXBuildFile; fileRef = 988074A72AA71DC1001670E7 /* LC75_TwoPointers.swift */; };
		988074AB2AA88AA1001670E7 /* LC75_SlidingWindow.swift in Sources */ = {isa = PBXBuildFile; fileRef = 988074AA2AA88AA1001670E7 /* LC75_SlidingWindow.swift */; };
		988074AD2AA88B18001670E7 /* LC75_SlidingWindow_Tests.swift in Sources */ = {isa = PBXBuildFile; fileRef = 988074AC2AA88B18001670E7 /* LC75_SlidingWindow_Tests.swift */; };
		988074AE2AA88B1D001670E7 /* LC75_SlidingWindow.swift in Sources */ = {isa = PBXBuildFile; fileRef = 988074AA2AA88AA1001670E7 /* LC75_SlidingWindow.swift */; };
		988074B02AA8E9AA001670E7 /* LC75_PrefixSum_Tests.swift in Sources */ = {isa = PBXBuildFile; fileRef = 988074AF2AA8E9AA001670E7 /* LC75_PrefixSum_Tests.swift */; };
		988074B22AA8E9CA001670E7 /* LC75_PrefixSum.swift in Sources */ = {isa = PBXBuildFile; fileRef = 988074B12AA8E9CA001670E7 /* LC75_PrefixSum.swift */; };
		988074B32AA8E9CE001670E7 /* LC75_PrefixSum.swift in Sources */ = {isa = PBXBuildFile; fileRef = 988074B12AA8E9CA001670E7 /* LC75_PrefixSum.swift */; };
		988074B52AA8F1C1001670E7 /* LC75_HashMap&Set_Tests.swift in Sources */ = {isa = PBXBuildFile; fileRef = 988074B42AA8F1C1001670E7 /* LC75_HashMap&Set_Tests.swift */; };
		988074B72AA8F1D4001670E7 /* LC75_HashMap&Set.swift in Sources */ = {isa = PBXBuildFile; fileRef = 988074B62AA8F1D4001670E7 /* LC75_HashMap&Set.swift */; };
		988074B82AA8F296001670E7 /* LC75_HashMap&Set.swift in Sources */ = {isa = PBXBuildFile; fileRef = 988074B62AA8F1D4001670E7 /* LC75_HashMap&Set.swift */; };
		98BFC9712AA9B95700D42CFC /* LC75_Stack.swift in Sources */ = {isa = PBXBuildFile; fileRef = 98BFC9702AA9B95700D42CFC /* LC75_Stack.swift */; };
		98BFC9732AA9B96D00D42CFC /* LC75_Stack_Tests.swift in Sources */ = {isa = PBXBuildFile; fileRef = 98BFC9722AA9B96D00D42CFC /* LC75_Stack_Tests.swift */; };
		98BFC9742AA9B97300D42CFC /* LC75_Stack.swift in Sources */ = {isa = PBXBuildFile; fileRef = 98BFC9702AA9B95700D42CFC /* LC75_Stack.swift */; };
		98BFC9762AAB1D4800D42CFC /* LC75_Queue_Tests.swift in Sources */ = {isa = PBXBuildFile; fileRef = 98BFC9752AAB1D4800D42CFC /* LC75_Queue_Tests.swift */; };
		98BFC9782AAB1D7900D42CFC /* LC75_Queue.swift in Sources */ = {isa = PBXBuildFile; fileRef = 98BFC9772AAB1D7900D42CFC /* LC75_Queue.swift */; };
		98BFC9792AAB1D7900D42CFC /* LC75_Queue.swift in Sources */ = {isa = PBXBuildFile; fileRef = 98BFC9772AAB1D7900D42CFC /* LC75_Queue.swift */; };
		98BFC97B2AAB5BA000D42CFC /* LC75_LinkedList.swift in Sources */ = {isa = PBXBuildFile; fileRef = 98BFC97A2AAB5BA000D42CFC /* LC75_LinkedList.swift */; };
		98BFC97C2AAB5BA000D42CFC /* LC75_LinkedList.swift in Sources */ = {isa = PBXBuildFile; fileRef = 98BFC97A2AAB5BA000D42CFC /* LC75_LinkedList.swift */; };
		98BFC97E2AAB5BB300D42CFC /* LC75_LinkedList_Tests.swift in Sources */ = {isa = PBXBuildFile; fileRef = 98BFC97D2AAB5BB300D42CFC /* LC75_LinkedList_Tests.swift */; };
		98BFC9802AAB5D9E00D42CFC /* ListNode.swift in Sources */ = {isa = PBXBuildFile; fileRef = 98BFC97F2AAB5D9E00D42CFC /* ListNode.swift */; };
		98BFC9812AAB5D9E00D42CFC /* ListNode.swift in Sources */ = {isa = PBXBuildFile; fileRef = 98BFC97F2AAB5D9E00D42CFC /* ListNode.swift */; };
		98D8DF832AAE03BB00AEBD4B /* TreeNode.swift in Sources */ = {isa = PBXBuildFile; fileRef = 98D8DF822AAE03BB00AEBD4B /* TreeNode.swift */; };
		98D8DF842AAE03BB00AEBD4B /* TreeNode.swift in Sources */ = {isa = PBXBuildFile; fileRef = 98D8DF822AAE03BB00AEBD4B /* TreeNode.swift */; };
		98D8DF862AAE073500AEBD4B /* LC75_BinaryTree_DFS.swift in Sources */ = {isa = PBXBuildFile; fileRef = 98D8DF852AAE073500AEBD4B /* LC75_BinaryTree_DFS.swift */; };
		98D8DF872AAE073500AEBD4B /* LC75_BinaryTree_DFS.swift in Sources */ = {isa = PBXBuildFile; fileRef = 98D8DF852AAE073500AEBD4B /* LC75_BinaryTree_DFS.swift */; };
		98D8DF892AAE076100AEBD4B /* LC75_BinaryTree_DFS_Tests.swift in Sources */ = {isa = PBXBuildFile; fileRef = 98D8DF882AAE076100AEBD4B /* LC75_BinaryTree_DFS_Tests.swift */; };
		98E366672A9E62C7009D9057 /* main.swift in Sources */ = {isa = PBXBuildFile; fileRef = 98E366662A9E62C7009D9057 /* main.swift */; };
/* End PBXBuildFile section */

/* Begin PBXCopyFilesBuildPhase section */
		98E366612A9E62C7009D9057 /* CopyFiles */ = {
			isa = PBXCopyFilesBuildPhase;
			buildActionMask = 2147483647;
			dstPath = /usr/share/man/man1/;
			dstSubfolderSpec = 0;
			files = (
			);
			runOnlyForDeploymentPostprocessing = 1;
		};
/* End PBXCopyFilesBuildPhase section */

/* Begin PBXFileReference section */
		988074A02AA5E6F0001670E7 /* LC75_Array.swift */ = {isa = PBXFileReference; lastKnownFileType = sourcecode.swift; path = LC75_Array.swift; sourceTree = "<group>"; };
		988074A22AA5E71E001670E7 /* LC75_Array_Tests.swift */ = {isa = PBXFileReference; lastKnownFileType = sourcecode.swift; path = LC75_Array_Tests.swift; sourceTree = "<group>"; };
		988074A52AA71D95001670E7 /* LC75_TwoPointers_Tests.swift */ = {isa = PBXFileReference; lastKnownFileType = sourcecode.swift; path = LC75_TwoPointers_Tests.swift; sourceTree = "<group>"; };
		988074A72AA71DC1001670E7 /* LC75_TwoPointers.swift */ = {isa = PBXFileReference; lastKnownFileType = sourcecode.swift; path = LC75_TwoPointers.swift; sourceTree = "<group>"; };
		988074AA2AA88AA1001670E7 /* LC75_SlidingWindow.swift */ = {isa = PBXFileReference; lastKnownFileType = sourcecode.swift; path = LC75_SlidingWindow.swift; sourceTree = "<group>"; };
		988074AC2AA88B18001670E7 /* LC75_SlidingWindow_Tests.swift */ = {isa = PBXFileReference; lastKnownFileType = sourcecode.swift; path = LC75_SlidingWindow_Tests.swift; sourceTree = "<group>"; };
		988074AF2AA8E9AA001670E7 /* LC75_PrefixSum_Tests.swift */ = {isa = PBXFileReference; lastKnownFileType = sourcecode.swift; path = LC75_PrefixSum_Tests.swift; sourceTree = "<group>"; };
		988074B12AA8E9CA001670E7 /* LC75_PrefixSum.swift */ = {isa = PBXFileReference; lastKnownFileType = sourcecode.swift; path = LC75_PrefixSum.swift; sourceTree = "<group>"; };
		988074B42AA8F1C1001670E7 /* LC75_HashMap&Set_Tests.swift */ = {isa = PBXFileReference; lastKnownFileType = sourcecode.swift; path = "LC75_HashMap&Set_Tests.swift"; sourceTree = "<group>"; };
		988074B62AA8F1D4001670E7 /* LC75_HashMap&Set.swift */ = {isa = PBXFileReference; lastKnownFileType = sourcecode.swift; path = "LC75_HashMap&Set.swift"; sourceTree = "<group>"; };
		98BFC9702AA9B95700D42CFC /* LC75_Stack.swift */ = {isa = PBXFileReference; lastKnownFileType = sourcecode.swift; path = LC75_Stack.swift; sourceTree = "<group>"; };
		98BFC9722AA9B96D00D42CFC /* LC75_Stack_Tests.swift */ = {isa = PBXFileReference; lastKnownFileType = sourcecode.swift; path = LC75_Stack_Tests.swift; sourceTree = "<group>"; };
		98BFC9752AAB1D4800D42CFC /* LC75_Queue_Tests.swift */ = {isa = PBXFileReference; lastKnownFileType = sourcecode.swift; path = LC75_Queue_Tests.swift; sourceTree = "<group>"; };
		98BFC9772AAB1D7900D42CFC /* LC75_Queue.swift */ = {isa = PBXFileReference; lastKnownFileType = sourcecode.swift; path = LC75_Queue.swift; sourceTree = "<group>"; };
		98BFC97A2AAB5BA000D42CFC /* LC75_LinkedList.swift */ = {isa = PBXFileReference; lastKnownFileType = sourcecode.swift; path = LC75_LinkedList.swift; sourceTree = "<group>"; };
		98BFC97D2AAB5BB300D42CFC /* LC75_LinkedList_Tests.swift */ = {isa = PBXFileReference; lastKnownFileType = sourcecode.swift; path = LC75_LinkedList_Tests.swift; sourceTree = "<group>"; };
		98BFC97F2AAB5D9E00D42CFC /* ListNode.swift */ = {isa = PBXFileReference; lastKnownFileType = sourcecode.swift; path = ListNode.swift; sourceTree = "<group>"; };
		98D8DF822AAE03BB00AEBD4B /* TreeNode.swift */ = {isa = PBXFileReference; lastKnownFileType = sourcecode.swift; path = TreeNode.swift; sourceTree = "<group>"; };
		98D8DF852AAE073500AEBD4B /* LC75_BinaryTree_DFS.swift */ = {isa = PBXFileReference; lastKnownFileType = sourcecode.swift; path = LC75_BinaryTree_DFS.swift; sourceTree = "<group>"; };
		98D8DF882AAE076100AEBD4B /* LC75_BinaryTree_DFS_Tests.swift */ = {isa = PBXFileReference; lastKnownFileType = sourcecode.swift; path = LC75_BinaryTree_DFS_Tests.swift; sourceTree = "<group>"; };
		98E366632A9E62C7009D9057 /* LeetCodeProblems */ = {isa = PBXFileReference; explicitFileType = "compiled.mach-o.executable"; includeInIndex = 0; path = LeetCodeProblems; sourceTree = BUILT_PRODUCTS_DIR; };
		98E366662A9E62C7009D9057 /* main.swift */ = {isa = PBXFileReference; lastKnownFileType = sourcecode.swift; path = main.swift; sourceTree = "<group>"; };
		98E366742A9E6754009D9057 /* LeetCodeProblemsTests.xctest */ = {isa = PBXFileReference; explicitFileType = wrapper.cfbundle; includeInIndex = 0; path = LeetCodeProblemsTests.xctest; sourceTree = BUILT_PRODUCTS_DIR; };
/* End PBXFileReference section */

/* Begin PBXFrameworksBuildPhase section */
		98E366602A9E62C7009D9057 /* Frameworks */ = {
			isa = PBXFrameworksBuildPhase;
			buildActionMask = 2147483647;
			files = (
			);
			runOnlyForDeploymentPostprocessing = 0;
		};
		98E366712A9E6753009D9057 /* Frameworks */ = {
			isa = PBXFrameworksBuildPhase;
			buildActionMask = 2147483647;
			files = (
			);
			runOnlyForDeploymentPostprocessing = 0;
		};
/* End PBXFrameworksBuildPhase section */

/* Begin PBXGroup section */
		98E3665A2A9E62C6009D9057 = {
			isa = PBXGroup;
			children = (
				98E366652A9E62C7009D9057 /* LeetCodeProblems */,
				98E366752A9E6754009D9057 /* LeetCodeProblemsTests */,
				98E366642A9E62C7009D9057 /* Products */,
			);
			sourceTree = "<group>";
		};
		98E366642A9E62C7009D9057 /* Products */ = {
			isa = PBXGroup;
			children = (
				98E366632A9E62C7009D9057 /* LeetCodeProblems */,
				98E366742A9E6754009D9057 /* LeetCodeProblemsTests.xctest */,
			);
			name = Products;
			sourceTree = "<group>";
		};
		98E366652A9E62C7009D9057 /* LeetCodeProblems */ = {
			isa = PBXGroup;
			children = (
				98BFC97F2AAB5D9E00D42CFC /* ListNode.swift */,
				98E3666D2A9E6696009D9057 /* LeetCode75 */,
				98E366662A9E62C7009D9057 /* main.swift */,
				98D8DF822AAE03BB00AEBD4B /* TreeNode.swift */,
			);
			path = LeetCodeProblems;
			sourceTree = "<group>";
		};
		98E3666D2A9E6696009D9057 /* LeetCode75 */ = {
			isa = PBXGroup;
			children = (
				988074A02AA5E6F0001670E7 /* LC75_Array.swift */,
				988074A72AA71DC1001670E7 /* LC75_TwoPointers.swift */,
				988074AA2AA88AA1001670E7 /* LC75_SlidingWindow.swift */,
				988074B12AA8E9CA001670E7 /* LC75_PrefixSum.swift */,
				988074B62AA8F1D4001670E7 /* LC75_HashMap&Set.swift */,
				98BFC9702AA9B95700D42CFC /* LC75_Stack.swift */,
				98BFC9772AAB1D7900D42CFC /* LC75_Queue.swift */,
				98BFC97A2AAB5BA000D42CFC /* LC75_LinkedList.swift */,
				98D8DF852AAE073500AEBD4B /* LC75_BinaryTree_DFS.swift */,
			);
			path = LeetCode75;
			sourceTree = "<group>";
		};
		98E366752A9E6754009D9057 /* LeetCodeProblemsTests */ = {
			isa = PBXGroup;
			children = (
				988074A22AA5E71E001670E7 /* LC75_Array_Tests.swift */,
				988074A52AA71D95001670E7 /* LC75_TwoPointers_Tests.swift */,
				988074AC2AA88B18001670E7 /* LC75_SlidingWindow_Tests.swift */,
				988074AF2AA8E9AA001670E7 /* LC75_PrefixSum_Tests.swift */,
				988074B42AA8F1C1001670E7 /* LC75_HashMap&Set_Tests.swift */,
				98BFC9722AA9B96D00D42CFC /* LC75_Stack_Tests.swift */,
				98BFC9752AAB1D4800D42CFC /* LC75_Queue_Tests.swift */,
				98BFC97D2AAB5BB300D42CFC /* LC75_LinkedList_Tests.swift */,
				98D8DF882AAE076100AEBD4B /* LC75_BinaryTree_DFS_Tests.swift */,
			);
			path = LeetCodeProblemsTests;
			sourceTree = "<group>";
		};
/* End PBXGroup section */

/* Begin PBXNativeTarget section */
		98E366622A9E62C7009D9057 /* LeetCodeProblems */ = {
			isa = PBXNativeTarget;
			buildConfigurationList = 98E3666A2A9E62C7009D9057 /* Build configuration list for PBXNativeTarget "LeetCodeProblems" */;
			buildPhases = (
				98E3665F2A9E62C7009D9057 /* Sources */,
				98E366602A9E62C7009D9057 /* Frameworks */,
				98E366612A9E62C7009D9057 /* CopyFiles */,
			);
			buildRules = (
			);
			dependencies = (
			);
			name = LeetCodeProblems;
			productName = LeetCodeProblems;
			productReference = 98E366632A9E62C7009D9057 /* LeetCodeProblems */;
			productType = "com.apple.product-type.tool";
		};
		98E366732A9E6753009D9057 /* LeetCodeProblemsTests */ = {
			isa = PBXNativeTarget;
			buildConfigurationList = 98E366782A9E6754009D9057 /* Build configuration list for PBXNativeTarget "LeetCodeProblemsTests" */;
			buildPhases = (
				98E366702A9E6753009D9057 /* Sources */,
				98E366712A9E6753009D9057 /* Frameworks */,
				98E366722A9E6753009D9057 /* Resources */,
			);
			buildRules = (
			);
			dependencies = (
			);
			name = LeetCodeProblemsTests;
			productName = LeetCodeProblemsTests;
			productReference = 98E366742A9E6754009D9057 /* LeetCodeProblemsTests.xctest */;
			productType = "com.apple.product-type.bundle.unit-test";
		};
/* End PBXNativeTarget section */

/* Begin PBXProject section */
		98E3665B2A9E62C6009D9057 /* Project object */ = {
			isa = PBXProject;
			attributes = {
				BuildIndependentTargetsInParallel = 1;
				LastSwiftUpdateCheck = 1420;
				LastUpgradeCheck = 1420;
				TargetAttributes = {
					98E366622A9E62C7009D9057 = {
						CreatedOnToolsVersion = 14.2;
					};
					98E366732A9E6753009D9057 = {
						CreatedOnToolsVersion = 14.2;
					};
				};
			};
			buildConfigurationList = 98E3665E2A9E62C6009D9057 /* Build configuration list for PBXProject "LeetCodeProblems" */;
			compatibilityVersion = "Xcode 14.0";
			developmentRegion = en;
			hasScannedForEncodings = 0;
			knownRegions = (
				en,
				Base,
			);
			mainGroup = 98E3665A2A9E62C6009D9057;
			productRefGroup = 98E366642A9E62C7009D9057 /* Products */;
			projectDirPath = "";
			projectRoot = "";
			targets = (
				98E366622A9E62C7009D9057 /* LeetCodeProblems */,
				98E366732A9E6753009D9057 /* LeetCodeProblemsTests */,
			);
		};
/* End PBXProject section */

/* Begin PBXResourcesBuildPhase section */
		98E366722A9E6753009D9057 /* Resources */ = {
			isa = PBXResourcesBuildPhase;
			buildActionMask = 2147483647;
			files = (
			);
			runOnlyForDeploymentPostprocessing = 0;
		};
/* End PBXResourcesBuildPhase section */

/* Begin PBXSourcesBuildPhase section */
		98E3665F2A9E62C7009D9057 /* Sources */ = {
			isa = PBXSourcesBuildPhase;
			buildActionMask = 2147483647;
			files = (
				988074A12AA5E6F0001670E7 /* LC75_Array.swift in Sources */,
				98BFC9802AAB5D9E00D42CFC /* ListNode.swift in Sources */,
				988074B22AA8E9CA001670E7 /* LC75_PrefixSum.swift in Sources */,
				98BFC9782AAB1D7900D42CFC /* LC75_Queue.swift in Sources */,
				98E366672A9E62C7009D9057 /* main.swift in Sources */,
				98BFC97B2AAB5BA000D42CFC /* LC75_LinkedList.swift in Sources */,
				98D8DF832AAE03BB00AEBD4B /* TreeNode.swift in Sources */,
				988074A82AA71DC1001670E7 /* LC75_TwoPointers.swift in Sources */,
				988074AB2AA88AA1001670E7 /* LC75_SlidingWindow.swift in Sources */,
				98BFC9712AA9B95700D42CFC /* LC75_Stack.swift in Sources */,
				988074B72AA8F1D4001670E7 /* LC75_HashMap&Set.swift in Sources */,
				98D8DF862AAE073500AEBD4B /* LC75_BinaryTree_DFS.swift in Sources */,
			);
			runOnlyForDeploymentPostprocessing = 0;
		};
		98E366702A9E6753009D9057 /* Sources */ = {
			isa = PBXSourcesBuildPhase;
			buildActionMask = 2147483647;
			files = (
				988074B52AA8F1C1001670E7 /* LC75_HashMap&Set_Tests.swift in Sources */,
				98BFC97C2AAB5BA000D42CFC /* LC75_LinkedList.swift in Sources */,
				98BFC9732AA9B96D00D42CFC /* LC75_Stack_Tests.swift in Sources */,
				988074A32AA5E71E001670E7 /* LC75_Array_Tests.swift in Sources */,
				988074AE2AA88B1D001670E7 /* LC75_SlidingWindow.swift in Sources */,
				98BFC97E2AAB5BB300D42CFC /* LC75_LinkedList_Tests.swift in Sources */,
				98BFC9762AAB1D4800D42CFC /* LC75_Queue_Tests.swift in Sources */,
				988074A92AA71DC1001670E7 /* LC75_TwoPointers.swift in Sources */,
				98BFC9812AAB5D9E00D42CFC /* ListNode.swift in Sources */,
				988074B02AA8E9AA001670E7 /* LC75_PrefixSum_Tests.swift in Sources */,
				988074B32AA8E9CE001670E7 /* LC75_PrefixSum.swift in Sources */,
				98D8DF842AAE03BB00AEBD4B /* TreeNode.swift in Sources */,
				98BFC9792AAB1D7900D42CFC /* LC75_Queue.swift in Sources */,
				988074A62AA71D95001670E7 /* LC75_TwoPointers_Tests.swift in Sources */,
				988074A42AA5E727001670E7 /* LC75_Array.swift in Sources */,
				98D8DF892AAE076100AEBD4B /* LC75_BinaryTree_DFS_Tests.swift in Sources */,
				988074AD2AA88B18001670E7 /* LC75_SlidingWindow_Tests.swift in Sources */,
				98D8DF872AAE073500AEBD4B /* LC75_BinaryTree_DFS.swift in Sources */,
				988074B82AA8F296001670E7 /* LC75_HashMap&Set.swift in Sources */,
				98BFC9742AA9B97300D42CFC /* LC75_Stack.swift in Sources */,
			);
			runOnlyForDeploymentPostprocessing = 0;
		};
/* End PBXSourcesBuildPhase section */

/* Begin XCBuildConfiguration section */
		98E366682A9E62C7009D9057 /* Debug */ = {
			isa = XCBuildConfiguration;
			buildSettings = {
				ALWAYS_SEARCH_USER_PATHS = NO;
				CLANG_ANALYZER_NONNULL = YES;
				CLANG_ANALYZER_NUMBER_OBJECT_CONVERSION = YES_AGGRESSIVE;
				CLANG_CXX_LANGUAGE_STANDARD = "gnu++20";
				CLANG_ENABLE_MODULES = YES;
				CLANG_ENABLE_OBJC_ARC = YES;
				CLANG_ENABLE_OBJC_WEAK = YES;
				CLANG_WARN_BLOCK_CAPTURE_AUTORELEASING = YES;
				CLANG_WARN_BOOL_CONVERSION = YES;
				CLANG_WARN_COMMA = YES;
				CLANG_WARN_CONSTANT_CONVERSION = YES;
				CLANG_WARN_DEPRECATED_OBJC_IMPLEMENTATIONS = YES;
				CLANG_WARN_DIRECT_OBJC_ISA_USAGE = YES_ERROR;
				CLANG_WARN_DOCUMENTATION_COMMENTS = YES;
				CLANG_WARN_EMPTY_BODY = YES;
				CLANG_WARN_ENUM_CONVERSION = YES;
				CLANG_WARN_INFINITE_RECURSION = YES;
				CLANG_WARN_INT_CONVERSION = YES;
				CLANG_WARN_NON_LITERAL_NULL_CONVERSION = YES;
				CLANG_WARN_OBJC_IMPLICIT_RETAIN_SELF = YES;
				CLANG_WARN_OBJC_LITERAL_CONVERSION = YES;
				CLANG_WARN_OBJC_ROOT_CLASS = YES_ERROR;
				CLANG_WARN_QUOTED_INCLUDE_IN_FRAMEWORK_HEADER = YES;
				CLANG_WARN_RANGE_LOOP_ANALYSIS = YES;
				CLANG_WARN_STRICT_PROTOTYPES = YES;
				CLANG_WARN_SUSPICIOUS_MOVE = YES;
				CLANG_WARN_UNGUARDED_AVAILABILITY = YES_AGGRESSIVE;
				CLANG_WARN_UNREACHABLE_CODE = YES;
				CLANG_WARN__DUPLICATE_METHOD_MATCH = YES;
				COPY_PHASE_STRIP = NO;
				DEBUG_INFORMATION_FORMAT = dwarf;
				ENABLE_STRICT_OBJC_MSGSEND = YES;
				ENABLE_TESTABILITY = YES;
				GCC_C_LANGUAGE_STANDARD = gnu11;
				GCC_DYNAMIC_NO_PIC = NO;
				GCC_NO_COMMON_BLOCKS = YES;
				GCC_OPTIMIZATION_LEVEL = 0;
				GCC_PREPROCESSOR_DEFINITIONS = (
					"DEBUG=1",
					"$(inherited)",
				);
				GCC_WARN_64_TO_32_BIT_CONVERSION = YES;
				GCC_WARN_ABOUT_RETURN_TYPE = YES_ERROR;
				GCC_WARN_UNDECLARED_SELECTOR = YES;
				GCC_WARN_UNINITIALIZED_AUTOS = YES_AGGRESSIVE;
				GCC_WARN_UNUSED_FUNCTION = YES;
				GCC_WARN_UNUSED_VARIABLE = YES;
				MACOSX_DEPLOYMENT_TARGET = 12.6;
				MTL_ENABLE_DEBUG_INFO = INCLUDE_SOURCE;
				MTL_FAST_MATH = YES;
				ONLY_ACTIVE_ARCH = YES;
				SDKROOT = macosx;
				SWIFT_ACTIVE_COMPILATION_CONDITIONS = DEBUG;
				SWIFT_OPTIMIZATION_LEVEL = "-Onone";
			};
			name = Debug;
		};
		98E366692A9E62C7009D9057 /* Release */ = {
			isa = XCBuildConfiguration;
			buildSettings = {
				ALWAYS_SEARCH_USER_PATHS = NO;
				CLANG_ANALYZER_NONNULL = YES;
				CLANG_ANALYZER_NUMBER_OBJECT_CONVERSION = YES_AGGRESSIVE;
				CLANG_CXX_LANGUAGE_STANDARD = "gnu++20";
				CLANG_ENABLE_MODULES = YES;
				CLANG_ENABLE_OBJC_ARC = YES;
				CLANG_ENABLE_OBJC_WEAK = YES;
				CLANG_WARN_BLOCK_CAPTURE_AUTORELEASING = YES;
				CLANG_WARN_BOOL_CONVERSION = YES;
				CLANG_WARN_COMMA = YES;
				CLANG_WARN_CONSTANT_CONVERSION = YES;
				CLANG_WARN_DEPRECATED_OBJC_IMPLEMENTATIONS = YES;
				CLANG_WARN_DIRECT_OBJC_ISA_USAGE = YES_ERROR;
				CLANG_WARN_DOCUMENTATION_COMMENTS = YES;
				CLANG_WARN_EMPTY_BODY = YES;
				CLANG_WARN_ENUM_CONVERSION = YES;
				CLANG_WARN_INFINITE_RECURSION = YES;
				CLANG_WARN_INT_CONVERSION = YES;
				CLANG_WARN_NON_LITERAL_NULL_CONVERSION = YES;
				CLANG_WARN_OBJC_IMPLICIT_RETAIN_SELF = YES;
				CLANG_WARN_OBJC_LITERAL_CONVERSION = YES;
				CLANG_WARN_OBJC_ROOT_CLASS = YES_ERROR;
				CLANG_WARN_QUOTED_INCLUDE_IN_FRAMEWORK_HEADER = YES;
				CLANG_WARN_RANGE_LOOP_ANALYSIS = YES;
				CLANG_WARN_STRICT_PROTOTYPES = YES;
				CLANG_WARN_SUSPICIOUS_MOVE = YES;
				CLANG_WARN_UNGUARDED_AVAILABILITY = YES_AGGRESSIVE;
				CLANG_WARN_UNREACHABLE_CODE = YES;
				CLANG_WARN__DUPLICATE_METHOD_MATCH = YES;
				COPY_PHASE_STRIP = NO;
				DEBUG_INFORMATION_FORMAT = "dwarf-with-dsym";
				ENABLE_NS_ASSERTIONS = NO;
				ENABLE_STRICT_OBJC_MSGSEND = YES;
				GCC_C_LANGUAGE_STANDARD = gnu11;
				GCC_NO_COMMON_BLOCKS = YES;
				GCC_WARN_64_TO_32_BIT_CONVERSION = YES;
				GCC_WARN_ABOUT_RETURN_TYPE = YES_ERROR;
				GCC_WARN_UNDECLARED_SELECTOR = YES;
				GCC_WARN_UNINITIALIZED_AUTOS = YES_AGGRESSIVE;
				GCC_WARN_UNUSED_FUNCTION = YES;
				GCC_WARN_UNUSED_VARIABLE = YES;
				MACOSX_DEPLOYMENT_TARGET = 12.6;
				MTL_ENABLE_DEBUG_INFO = NO;
				MTL_FAST_MATH = YES;
				SDKROOT = macosx;
				SWIFT_COMPILATION_MODE = wholemodule;
				SWIFT_OPTIMIZATION_LEVEL = "-O";
			};
			name = Release;
		};
		98E3666B2A9E62C7009D9057 /* Debug */ = {
			isa = XCBuildConfiguration;
			buildSettings = {
				CODE_SIGN_STYLE = Automatic;
				DEVELOPMENT_TEAM = 8FA6F58X42;
				ENABLE_HARDENED_RUNTIME = YES;
				PRODUCT_NAME = "$(TARGET_NAME)";
				SWIFT_VERSION = 5.0;
			};
			name = Debug;
		};
		98E3666C2A9E62C7009D9057 /* Release */ = {
			isa = XCBuildConfiguration;
			buildSettings = {
				CODE_SIGN_STYLE = Automatic;
				DEVELOPMENT_TEAM = 8FA6F58X42;
				ENABLE_HARDENED_RUNTIME = YES;
				PRODUCT_NAME = "$(TARGET_NAME)";
				SWIFT_VERSION = 5.0;
			};
			name = Release;
		};
		98E366792A9E6754009D9057 /* Debug */ = {
			isa = XCBuildConfiguration;
			buildSettings = {
				CODE_SIGN_STYLE = Automatic;
				CURRENT_PROJECT_VERSION = 1;
				DEVELOPMENT_TEAM = 8FA6F58X42;
				GENERATE_INFOPLIST_FILE = YES;
				MARKETING_VERSION = 1.0;
				PRODUCT_BUNDLE_IDENTIFIER = ru.koteika19.LeetCodeProblemsTests;
				PRODUCT_NAME = "$(TARGET_NAME)";
				SWIFT_EMIT_LOC_STRINGS = NO;
				SWIFT_VERSION = 5.0;
			};
			name = Debug;
		};
		98E3667A2A9E6754009D9057 /* Release */ = {
			isa = XCBuildConfiguration;
			buildSettings = {
				CODE_SIGN_STYLE = Automatic;
				CURRENT_PROJECT_VERSION = 1;
				DEVELOPMENT_TEAM = 8FA6F58X42;
				GENERATE_INFOPLIST_FILE = YES;
				MARKETING_VERSION = 1.0;
				PRODUCT_BUNDLE_IDENTIFIER = ru.koteika19.LeetCodeProblemsTests;
				PRODUCT_NAME = "$(TARGET_NAME)";
				SWIFT_EMIT_LOC_STRINGS = NO;
				SWIFT_VERSION = 5.0;
			};
			name = Release;
		};
/* End XCBuildConfiguration section */

/* Begin XCConfigurationList section */
		98E3665E2A9E62C6009D9057 /* Build configuration list for PBXProject "LeetCodeProblems" */ = {
			isa = XCConfigurationList;
			buildConfigurations = (
				98E366682A9E62C7009D9057 /* Debug */,
				98E366692A9E62C7009D9057 /* Release */,
			);
			defaultConfigurationIsVisible = 0;
			defaultConfigurationName = Release;
		};
		98E3666A2A9E62C7009D9057 /* Build configuration list for PBXNativeTarget "LeetCodeProblems" */ = {
			isa = XCConfigurationList;
			buildConfigurations = (
				98E3666B2A9E62C7009D9057 /* Debug */,
				98E3666C2A9E62C7009D9057 /* Release */,
			);
			defaultConfigurationIsVisible = 0;
			defaultConfigurationName = Release;
		};
		98E366782A9E6754009D9057 /* Build configuration list for PBXNativeTarget "LeetCodeProblemsTests" */ = {
			isa = XCConfigurationList;
			buildConfigurations = (
				98E366792A9E6754009D9057 /* Debug */,
				98E3667A2A9E6754009D9057 /* Release */,
			);
			defaultConfigurationIsVisible = 0;
			defaultConfigurationName = Release;
		};
/* End XCConfigurationList section */
	};
	rootObject = 98E3665B2A9E62C6009D9057 /* Project object */;
}
